{
    "_meta": {
        "hash": {
            "sha256": "706bc0e07f25ea05c4cef3cf76e3812bfc09005264cb8cc0541e6d12df89c441"
        },
        "pipfile-spec": 6,
        "requires": {
            "python_version": "3.12"
        },
        "sources": [
            {
                "name": "pypi",
                "url": "https://pypi.org/simple",
                "verify_ssl": true
            }
        ]
    },
    "default": {
        "annotated-types": {
            "hashes": [
                "sha256:1f02e8b43a8fbbc3f3e0d4f0f4bfc8131bcb4eebe8849b8e5c773f3a1c582a53",
                "sha256:aff07c09a53a08bc8cfccb9c85b05f1aa9a2a6f23728d790723543408344ce89"
            ],
            "markers": "python_version >= '3.8'",
            "version": "==0.7.0"
        },
        "asgiref": {
            "hashes": [
                "sha256:a5ab6582236218e5ef1648f242fd9f10626cfd4de8dc377db215d5d5098e3142",
                "sha256:f3bba7092a48005b5f5bacd747d36ee4a5a61f4a269a6df590b43144355ebd2c"
            ],
            "markers": "python_version >= '3.9'",
            "version": "==3.9.1"
        },
        "click": {
            "hashes": [
                "sha256:27c491cc05d968d271d5a1db13e3b5a184636d9d930f148c50b038f0d0646202",
                "sha256:61a3265b914e850b85317d0b3109c7f8cd35a670f963866005d6ef1d5175a12b"
            ],
            "markers": "python_version >= '3.10'",
            "version": "==8.2.1"
        },
        "colorama": {
            "hashes": [
                "sha256:08695f5cb7ed6e0531a20572697297273c47b8cae5a63ffc6d6ed5c201be6e44",
                "sha256:4f1d9991f5acc0ca119f9d443620b77f9d6b33703e51011c16baf57afb285fc6"
            ],
            "markers": "python_version >= '2.7' and python_version not in '3.0, 3.1, 3.2, 3.3, 3.4, 3.5, 3.6'",
            "version": "==0.4.6"
        },
        "coloredlogs": {
            "hashes": [
                "sha256:612ee75c546f53e92e70049c9dbfcc18c935a2b9a53b66085ce9ef6a6e5c0934",
                "sha256:7c991aa71a4577af2f82600d8f8f3a89f936baeaf9b50a9c197da014e5bf16b0"
            ],
            "markers": "python_version >= '2.7' and python_version not in '3.0, 3.1, 3.2, 3.3, 3.4'",
            "version": "==15.0.1"
        },
        "django": {
            "hashes": [
                "sha256:0745b25681b129a77aae3d4f6549b62d3913d74407831abaa0d9021a03954bae",
                "sha256:2b2ada0ee8a5ff743a40e2b9820d1f8e24c11bac9ae6469cd548f0057ea6ddcd"
            ],
            "index": "pypi",
            "markers": "python_version >= '3.10'",
            "version": "==5.2.5"
        },
        "django-ninja": {
            "hashes": [
                "sha256:e46d477ca60c228d2a5eb3cc912094928ea830d364501f966661eeada67cb038",
                "sha256:f3204137a059437b95677049474220611f1cf9efedba9213556474b75168fa01"
            ],
            "index": "pypi",
            "markers": "python_version >= '3.7'",
            "version": "==1.4.3"
        },
        "flatbuffers": {
            "hashes": [
                "sha256:97e451377a41262f8d9bd4295cc836133415cc03d8cb966410a4af92eb00d26e",
                "sha256:ebba5f4d5ea615af3f7fd70fc310636fbb2bbd1f566ac0a23d98dd412de50051"
            ],
            "version": "==25.2.10"
        },
        "granian": {
            "hashes": [
                "sha256:000952722eb63bb1811e391142872bf1ebe7f4434b1d39bbf4e91090d4af9429",
                "sha256:0136e869c03dc77230c894d90ac0d97e61fb59984988b933d3623142edb12fd9",
                "sha256:0429dd0c4c21c123b06b7f9057ecb4c1fc3d6228f442276e27545a5ad6fc780c",
                "sha256:0e7627c3b7e3f9c024c4edd80636e8326fbce0420889e0951da349d13742e503",
                "sha256:0eda4c389c222aa5455b7205640df0207201a86c46e5be98dd0040b6cc45146a",
                "sha256:0f1a05836852ff70745ec094940d9edc62bb3f1a1f7ffb8ee692d6727ebc8b95",
                "sha256:0ff75ceeae4c9015c1c5fc5d699bb75b7b10d05f5d69aa091ced11be1e145e43",
                "sha256:141bb4aff1c83b51b2d34381b515d9db38d0481603119e4519fdc9ae932e7a2e",
                "sha256:168762227d94b74dddff066b2f3519f22426e09f8394ed1a2f48072f80be9275",
                "sha256:1db48cf24f3230c748e59d0f6d40616289e549cfe51fa908e1a2a85575b9ca54",
                "sha256:22bac6aace54e4183831a46a4033c076100150527676e666eeb84df9829e0e1c",
                "sha256:241cec81b878869218e8615e125253a3021be42cb5933d72504dca77c8e6cccc",
                "sha256:2959482f9907206c11a059ababe2705ab10d2ddd68004aaf6f6977e193ffc3e1",
                "sha256:29da6a1c6dfc728fc96649b514e26b38848e40e4e78676f51f2ed90c51da733e",
                "sha256:3152037d799ea97e5736de054a48bf75368fb79b7cfee7e6aa46de1076a43882",
                "sha256:31705782cd616b9b70536c1b61b7f15815ebc4dcccdb72f58aa806ba7ac5dfa1",
                "sha256:32c331b04b56098733970ced9d75e5fb31ea419cff054804ae8038f35f18fbfc",
                "sha256:33618a911f91fa9f10457b7130d66e4ffe4f51ed8c66544e8e4db188ffb520b2",
                "sha256:35eb58b0f80fc9f55d5210d339ba8f5f8d9c126a2e29f051e8b62353e3f84b1d",
                "sha256:36493c4f2b672d027eb11b05ca6660f9fd4944452841d213cb0cb64da869539b",
                "sha256:37ef93a222acfc34a335a8a41cb3542f15b688acbe1a45d1c9a6fe456f9cf0bd",
                "sha256:3ce4c44ebb949980cc02e0c8a823fb4352c94f2443004fe4c39eb0262fcb2e6e",
                "sha256:429083f21c4cc8537481ef7a8b2754a0f6c603ac836ee0729aa8435abca27020",
                "sha256:44962226d038592569937b396f02ae626f72a68fc3d0aa722f0163f6dc6179cb",
                "sha256:468cb5b61ee86f2075e714ad3d4f4b3bec4b10067fcf0c8341f76fd11b08c7df",
                "sha256:47aa39b08c17b0a2795bcd38ac453f92d027820cfac42c48fcdf16ed91c03d32",
                "sha256:47fc997b4ceda234189bc7c26f89aa3579f0fcb32b370b4c58dcc70624353c87",
                "sha256:48968902d351f1bfc70ac5fa69157ee86e5f2947f49df5a84c0965213dbb4ee0",
                "sha256:49c1c5059b39db0863e3e967ba18f1ab55fa0f86388537d937aa18baf2934f71",
                "sha256:4af6c17009cf6ae7d6f3139b4e2b7b2e20e443b22279ba89381d08aca42df9ec",
                "sha256:4df376a99fed695aeadbd239cda670431184a5e69615ee5aab1624b35dbddbdf",
                "sha256:50d4dc74ab763c1bf396cf85d93a8202bf1bfb74150b03f9fd62b600cd0c777c",
                "sha256:534a0922c460a8bf9c85937edbc7aac00497d05b64bf9ccc5f5b93006882ecd7",
                "sha256:53b10f7996c9a732cb3e4cf30890badbac5f9ec4baa2898851a68100767cc754",
                "sha256:58aea28ebb2cdf7545ee3cb1c8593c8b2f857a9fa6219589ecd3f5a4b365262f",
                "sha256:5a8eea72a37c582fe2653587f5b4bb5323bd8882fcbccff3054311b0735d3814",
                "sha256:5aec8050fc01706d27d74fffc32c29eb483530ea3ad383e885e8b7315ae1c699",
                "sha256:5e5fd23b02bd2c7cc9ca86d780f262b63a53bc5d7846e96a15edf4ac7aa10a79",
                "sha256:5f6d70f6e7edd183afb62468a7fc175348145aec303297a41b1714a9b6d8150d",
                "sha256:604c544273b36091b54fdf66d4e9a0f98dc0369b380ba5dd328478ba65cda320",
                "sha256:6257e475353f116c55bb61669b501d513b57310457d97f93ae71214788101931",
                "sha256:64327e137b36e648598c595aad4eda92f54e97262cdd3a0ef28dfdaf7998cfed",
                "sha256:651cbad3a137b762885b7e57dea77b5d11262b0a2c16d4b61b4812bc8bc5ffa4",
                "sha256:65795bd3a3b6f0f65c4ed37a3c6b7c34530c895638a5d9f25fe302db9807a3a5",
                "sha256:6bd767b7f456472eef6597570c588ce8ff2351809cd64ecbb5e0b4f41f74044d",
                "sha256:74601bda3aedb249a3d5059d48108acfa61d6f71686162bda0bedc013a443efb",
                "sha256:760275d286142775fb21c85d96fc4996e00de9d3b054c424b2c8519679aa14b5",
                "sha256:76dc084d1c528683a88c2d1a00786c9bc013b695b1776ad8a3c71419c45e1df0",
                "sha256:846550b371057e3b1e151ef30fe25026e9882a525d0fa66929650eb9ecf75c21",
                "sha256:859fddb94fcb782b8257de5c2d4c7769495fe25590db014952c923147acf3dc1",
                "sha256:879fdeb71fe279175a25d709d95dd2db01eb67cd12d300e51e3dc704ca5e52fd",
                "sha256:88de6d16de826897a83eb971af4ff6b82275771f6504e802e36cb2749836502d",
                "sha256:8e0ba96062b56d76311b2ce990065ae5580539e97e1609ab1949ce9f29114b3e",
                "sha256:8f9918bee3c21eb1410f4323440d76eaa0c2d2e6ca4fa3e3a20d07cc54b788f6",
                "sha256:92271019ee283cd74d137e6d8e4fda836a80846a7a006d986246d3e300d8229a",
                "sha256:944ea3bd400a7ccc8129835eda65bd6a37f8fb77828f4e6ded2f06827d6ec25f",
                "sha256:99edb7c9875f91341d40143d14d45919385a29470056f5a2da94e14746cbcf74",
                "sha256:9a11f339ba11940218c0f8ac2c6da872ca1832789e4e2ce10958e8da931bc0b7",
                "sha256:9a53151c2d31dbcf1acbe6af89ce0282387614b6401650d511ca4260ba0e03c1",
                "sha256:9f6d080e45735dd93e4c60a79e42ee9ed37124a9580a08292d83b0961c705e39",
                "sha256:a0a3a59f041a4e6dbaebb1fa92e469a28e490f3c51894994b8a64f426db64890",
                "sha256:a506c86460370487c9e8a662298c7ae6d47573f863095f4d88fc6fad7eaa5b3c",
                "sha256:a5f8b1a0b82fa3af2a94572664a3382e3d786981a9cda3bf8b118a0f10338f89",
                "sha256:a80f23e904f23ca9a90d613444a477a8df8bb2ef1df7bf279ffa6ab7cbbf042a",
                "sha256:a9c5670171a97c35aeea79fd7100058e461b0271a7e81fdecd586c770cdd2b41",
                "sha256:aba86bae39b4e8f770d7e6664490e0abdcdcd742300d16cf1cb370dc159a09c1",
                "sha256:ac08d7f6c44643228220c33c3e697601bd785e970e587ab8c7bac11a661e91b6",
                "sha256:af272218076663280fdc293b7da3adb716f23d54211cefad92fcf7e01b3eed19",
                "sha256:afafac4908d5931e4b2c2a09612e063d7ccd05e531f16b7f11e3bccc4ca8972c",
                "sha256:b0755ee98a021c223df203f6d5bc7a57131422ba579addfc5f3b5f3d2e362c81",
                "sha256:b0a4c317f30c227baf16f541f0c93cb08ee45fbf8a2ef5317ba07b6bd6b7c877",
                "sha256:b1573755288d70f37b55acb14f01cb3a7f7cdca7bf143f908c649ada254e9cb6",
                "sha256:b27eb3fa435e703730a418d3355ecfffc868fa5892fdde33a48dc0f99c742760",
                "sha256:bbc4ebc727202ad4b3073ca8148c2af49904710d6fce84872191b2dd5cd36916",
                "sha256:bbf329f0110e9a873b4c1d2290d4b9ac00e9ae1b91949097aeed1309f37518b7",
                "sha256:bed0d047c9c0c6c6a5a85ee5b3c7e2683fc63e03ac032eaf3d7654fa96bde102",
                "sha256:c04d78abef25514c3deefcc233cc13e240f0268daae503bc8e11cc2c651868d2",
                "sha256:c28a34951c1ed8eea97948882bdbc374ce111be5a59293693613d25043ba1313",
                "sha256:c5d01fb578ab52b95c8cc39fe09a01ef5682011f4eea67d0e5e33ab941c9ef38",
                "sha256:c6141582757eb2bb8c8390637a3ac29dbba0c10db93192adb360c7060f149782",
                "sha256:c8a51bcb7e533ab75d2d9e13432e9b63c90eeb7fdde700875253efbfb2dcdcbc",
                "sha256:ceb1b6e070697501c80ea50fce40f50cec374b5f5952121bb3da1792c6f1bb41",
                "sha256:cf9dc480d481ae834a085f1f46213ebf80512b1ace0559f6c0335edb24be0e92",
                "sha256:d09f33aa20fa0f7f9e48f12e87573b3819b357235cac602ec6cef1b5b3ca33a9",
                "sha256:d0c41cc1c58c75f6bedde20e958a54cd09c40c924cb8e07e516c76a308e9e64d",
                "sha256:d2258cdc480327a6d0552acdb1005cd2cd65caffc79ebb796c900ece43b66c1d",
                "sha256:d6f209d06723fe20808be7206fc2b86f5fabc015eac1a5d458b1a6e98f005b7a",
                "sha256:dbfd65d04a7d4fdc441550d2e60bb1cca283f50a3dbf1d1dcfcc279158fd50f2",
                "sha256:dc62b9dcc9bb38fe3a3d96b6c01dbb588b4344685304c9da6d94fb653bca8580",
                "sha256:def250f04c0374069278152bf3e08ecb1f67e0c99d3eb14d902df1e1558b93fa",
                "sha256:e08ce1768433327720a754a78a3134100b989663c6e924626ba8ce8cdb3ee0a4",
                "sha256:e5142c8dcbe66c9a5c611ba46de47d1ae2cda5f6efdc11d223b586d980158caf",
                "sha256:eda01a9027f2921f42b4f8bb16e46f8ab67a5345e52b3ffeedd2f921a09c87b6",
                "sha256:ee2bb9dc2c93aa441175d7cc1e75aa670a757100945844646de1b7cb3777f50b",
                "sha256:f371dd9eedae26158901fee3eb934e8fa61491cc78d234470ce364b989c78a1f",
                "sha256:f60c46cf8684a6b5c1d9bf88cc9a248682a753874e14bd2cc6c81c2001449dab",
                "sha256:f69e54a136725e7d2911968571fe9a5685282d0097497799b6453d9d4dffee31",
                "sha256:f7bf7ed30bcda9bbc9962f187081c5dfa6aa07e06c3a59486bc573b5def35914",
                "sha256:fb157c3d66301ffad4113da4c51aed4d56006b9ebe9d0892c682a634b5fff773",
                "sha256:fd30fe55ba2f9f6ed85b91d6804d042a426480c504b322d42403bec42c1e303c",
                "sha256:fe1f870d24c0f9e4a2dfb6f44ef2173fac90425dcc7e35538028fa5ada75876b"
            ],
            "index": "pypi",
            "markers": "python_version >= '3.9'",
            "version": "==2.5.0"
        },
        "humanfriendly": {
            "hashes": [
                "sha256:1697e1a8a8f550fd43c2865cd84542fc175a61dcb779b6fee18cf6b6ccba1477",
                "sha256:6b0b831ce8f15f7300721aa49829fc4e83921a9a301cc7f606be6686a2288ddc"
            ],
            "markers": "python_version >= '2.7' and python_version not in '3.0, 3.1, 3.2, 3.3, 3.4'",
            "version": "==10.0"
        },
        "magika": {
            "hashes": [
                "sha256:37eb6ae8020f6e68f231bc06052c0a0cbe8e6fa27492db345e8dc867dbceb067",
                "sha256:57cd1d64897634d15de552bd6b3ae9c6ff6ead9c60d384dc46497c08288e4559",
                "sha256:5ef72fbc07723029b3684ef81454bc224ac5f60986aa0fc5a28f4456eebcb5b2",
                "sha256:711f427a633e0182737dcc2074748004842f870643585813503ff2553b973b9f",
                "sha256:9109309328a1553886c8ff36c2ee9a5e9cfd36893ad81b65bf61a57debdd9d0e"
            ],
            "index": "pypi",
            "markers": "python_version >= '3.8'",
            "version": "==0.6.2"
        },
        "mpmath": {
            "hashes": [
                "sha256:7a28eb2a9774d00c7bc92411c19a89209d5da7c4c9a9e227be8330a23a25b91f",
                "sha256:a0b2b9fe80bbcd81a6647ff13108738cfb482d481d826cc0e02f5b35e5c88d2c"
            ],
            "version": "==1.3.0"
        },
        "numpy": {
            "hashes": [
                "sha256:07b62978075b67eee4065b166d000d457c82a1efe726cce608b9db9dd66a73a5",
                "sha256:087ffc25890d89a43536f75c5fe8770922008758e8eeeef61733957041ed2f9b",
                "sha256:092aeb3449833ea9c0bf0089d70c29ae480685dd2377ec9cdbbb620257f84631",
                "sha256:095737ed986e00393ec18ec0b21b47c22889ae4b0cd2d5e88342e08b01141f58",
                "sha256:0a4f2021a6da53a0d580d6ef5db29947025ae8b35b3250141805ea9a32bbe86b",
                "sha256:103ea7063fa624af04a791c39f97070bf93b96d7af7eb23530cd087dc8dbe9dc",
                "sha256:11e58218c0c46c80509186e460d79fbdc9ca1eb8d8aee39d8f2dc768eb781089",
                "sha256:122bf5ed9a0221b3419672493878ba4967121514b1d7d4656a7580cd11dddcbf",
                "sha256:14a91ebac98813a49bc6aa1a0dfc09513dcec1d97eaf31ca21a87221a1cdcb15",
                "sha256:1f91e5c028504660d606340a084db4b216567ded1056ea2b4be4f9d10b67197f",
                "sha256:20b8200721840f5621b7bd03f8dcd78de33ec522fc40dc2641aa09537df010c3",
                "sha256:240259d6564f1c65424bcd10f435145a7644a65a6811cfc3201c4a429ba79170",
                "sha256:2738534837c6a1d0c39340a190177d7d66fdf432894f469728da901f8f6dc910",
                "sha256:27c9f90e7481275c7800dc9c24b7cc40ace3fdb970ae4d21eaff983a32f70c91",
                "sha256:293b2192c6bcce487dbc6326de5853787f870aeb6c43f8f9c6496db5b1781e45",
                "sha256:2c3271cc4097beb5a60f010bcc1cc204b300bb3eafb4399376418a83a1c6373c",
                "sha256:2f4f0215edb189048a3c03bd5b19345bdfa7b45a7a6f72ae5945d2a28272727f",
                "sha256:3dcf02866b977a38ba3ec10215220609ab9667378a9e2150615673f3ffd6c73b",
                "sha256:4209f874d45f921bde2cff1ffcd8a3695f545ad2ffbef6d3d3c6768162efab89",
                "sha256:448a66d052d0cf14ce9865d159bfc403282c9bc7bb2a31b03cc18b651eca8b1a",
                "sha256:4ae6863868aaee2f57503c7a5052b3a2807cf7a3914475e637a0ecd366ced220",
                "sha256:4d002ecf7c9b53240be3bb69d80f86ddbd34078bae04d87be81c1f58466f264e",
                "sha256:4e6ecfeddfa83b02318f4d84acf15fbdbf9ded18e46989a15a8b6995dfbf85ab",
                "sha256:508b0eada3eded10a3b55725b40806a4b855961040180028f52580c4729916a2",
                "sha256:546aaf78e81b4081b2eba1d105c3b34064783027a06b3ab20b6eba21fb64132b",
                "sha256:572d5512df5470f50ada8d1972c5f1082d9a0b7aa5944db8084077570cf98370",
                "sha256:5ad4ebcb683a1f99f4f392cc522ee20a18b2bb12a2c1c42c3d48d5a1adc9d3d2",
                "sha256:66459dccc65d8ec98cc7df61307b64bf9e08101f9598755d42d8ae65d9a7a6ee",
                "sha256:6936aff90dda378c09bea075af0d9c675fe3a977a9d2402f95a87f440f59f619",
                "sha256:69779198d9caee6e547adb933941ed7520f896fd9656834c300bdf4dd8642712",
                "sha256:6f1ae3dcb840edccc45af496f312528c15b1f79ac318169d094e85e4bb35fdf1",
                "sha256:71669b5daae692189540cffc4c439468d35a3f84f0c88b078ecd94337f6cb0ec",
                "sha256:72c6df2267e926a6d5286b0a6d556ebe49eae261062059317837fda12ddf0c1a",
                "sha256:72dbebb2dcc8305c431b2836bcc66af967df91be793d63a24e3d9b741374c450",
                "sha256:754d6755d9a7588bdc6ac47dc4ee97867271b17cee39cb87aef079574366db0a",
                "sha256:76c3e9501ceb50b2ff3824c3589d5d1ab4ac857b0ee3f8f49629d0de55ecf7c2",
                "sha256:7a0e27186e781a69959d0230dd9909b5e26024f8da10683bd6344baea1885168",
                "sha256:7d6e390423cc1f76e1b8108c9b6889d20a7a1f59d9a60cac4a050fa734d6c1e2",
                "sha256:8145dd6d10df13c559d1e4314df29695613575183fa2e2d11fac4c208c8a1f73",
                "sha256:8446acd11fe3dc1830568c941d44449fd5cb83068e5c70bd5a470d323d448296",
                "sha256:852ae5bed3478b92f093e30f785c98e0cb62fa0a939ed057c31716e18a7a22b9",
                "sha256:87c930d52f45df092f7578889711a0768094debf73cfcde105e2d66954358125",
                "sha256:8b1224a734cd509f70816455c3cffe13a4f599b1bf7130f913ba0e2c0b2006c0",
                "sha256:8dc082ea901a62edb8f59713c6a7e28a85daddcb67454c839de57656478f5b19",
                "sha256:906a30249315f9c8e17b085cc5f87d3f369b35fedd0051d4a84686967bdbbd0b",
                "sha256:938065908d1d869c7d75d8ec45f735a034771c6ea07088867f713d1cd3bbbe4f",
                "sha256:9c144440db4bf3bb6372d2c3e49834cc0ff7bb4c24975ab33e01199e645416f2",
                "sha256:9e196ade2400c0c737d93465327d1ae7c06c7cb8a1756121ebf54b06ca183c7f",
                "sha256:a3ef07ec8cbc8fc9e369c8dcd52019510c12da4de81367d8b20bc692aa07573a",
                "sha256:a7af9ed2aa9ec5950daf05bb11abc4076a108bd3c7db9aa7251d5f107079b6a6",
                "sha256:a9f66e7d2b2d7712410d3bc5684149040ef5f19856f20277cd17ea83e5006286",
                "sha256:aa098a5ab53fa407fded5870865c6275a5cd4101cfdef8d6fafc48286a96e981",
                "sha256:af58de8745f7fa9ca1c0c7c943616c6fe28e75d0c81f5c295810e3c83b5be92f",
                "sha256:b05a89f2fb84d21235f93de47129dd4f11c16f64c87c33f5e284e6a3a54e43f2",
                "sha256:b5e40e80299607f597e1a8a247ff8d71d79c5b52baa11cc1cce30aa92d2da6e0",
                "sha256:b9d0878b21e3918d76d2209c924ebb272340da1fb51abc00f986c258cd5e957b",
                "sha256:bc3186bea41fae9d8e90c2b4fb5f0a1f5a690682da79b92574d63f56b529080b",
                "sha256:c63d95dc9d67b676e9108fe0d2182987ccb0f11933c1e8959f42fa0da8d4fa56",
                "sha256:c771cfac34a4f2c0de8e8c97312d07d64fd8f8ed45bc9f5726a7e947270152b5",
                "sha256:c8d9727f5316a256425892b043736d63e89ed15bbfe6556c5ff4d9d4448ff3b3",
                "sha256:cbc95b3813920145032412f7e33d12080f11dc776262df1712e1638207dde9e8",
                "sha256:cefc2219baa48e468e3db7e706305fcd0c095534a192a08f31e98d83a7d45fb0",
                "sha256:d95f59afe7f808c103be692175008bab926b59309ade3e6d25009e9a171f7036",
                "sha256:dd937f088a2df683cbb79dda9a772b62a3e5a8a7e76690612c2737f38c6ef1b6",
                "sha256:de6ea4e5a65d5a90c7d286ddff2b87f3f4ad61faa3db8dabe936b34c2275b6f8",
                "sha256:e0486a11ec30cdecb53f184d496d1c6a20786c81e55e41640270130056f8ee48",
                "sha256:ee807923782faaf60d0d7331f5e86da7d5e3079e28b291973c545476c2b00d07",
                "sha256:efc81393f25f14d11c9d161e46e6ee348637c0a1e8a54bf9dedc472a3fae993b",
                "sha256:f0a1a8476ad77a228e41619af2fa9505cf69df928e9aaa165746584ea17fed2b",
                "sha256:f75018be4980a7324edc5930fe39aa391d5734531b1926968605416ff58c332d",
                "sha256:f92d6c2a8535dc4fe4419562294ff957f83a16ebdec66df0805e473ffaad8bd0",
                "sha256:fb1752a3bb9a3ad2d6b090b88a9a0ae1cd6f004ef95f75825e2f382c183b2097",
                "sha256:fc927d7f289d14f5e037be917539620603294454130b6de200091e23d27dc9be",
                "sha256:fed5527c4cf10f16c6d0b6bee1f89958bccb0ad2522c8cadc2efd318bcd545f5"
            ],
            "index": "pypi",
            "markers": "python_version >= '3.11'",
            "version": "==2.3.2"
        },
        "onnxruntime": {
            "hashes": [
                "sha256:01e2f21b2793eb0c8642d2be3cee34cc7d96b85f45f6615e4e220424158877ce",
                "sha256:2d39a530aff1ec8d02e365f35e503193991417788641b184f5b1e8c9a6d5ce8d",
                "sha256:33a7980bbc4b7f446bac26c3785652fe8730ed02617d765399e89ac7d44e0f7d",
                "sha256:460487d83b7056ba98f1f7bac80287224c31d8149b15712b0d6f5078fcc33d0f",
                "sha256:6a64291d57ea966a245f749eb970f4fa05a64d26672e05a83fdb5db6b7d62f87",
                "sha256:6e7e823624b015ea879d976cbef8bfaed2f7e2cc233d7506860a76dd37f8f381",
                "sha256:70980d729145a36a05f74b573435531f55ef9503bcda81fc6c3d6b9306199982",
                "sha256:7ae7526cf10f93454beb0f751e78e5cb7619e3b92f9fc3bd51aa6f3b7a8977e5",
                "sha256:80e7f51da1f5201c1379b8d6ef6170505cd800e40da216290f5e06be01aadf95",
                "sha256:984cea2a02fcc5dfea44ade9aca9fe0f7a8a2cd6f77c258fc4388238618f3928",
                "sha256:a938d11c0dc811badf78e435daa3899d9af38abee950d87f3ab7430eb5b3cf5a",
                "sha256:b0c37070268ba4e02a1a9d28560cd00cd1e94f0d4f275cbef283854f861a65fa",
                "sha256:b89ddfdbbdaf7e3a59515dee657f6515601d55cb21a0f0f48c81aefc54ff1b73",
                "sha256:bddc75868bcf6f9ed76858a632f65f7b1846bdcefc6d637b1e359c2c68609964",
                "sha256:d29c7d87b6cbed8fecfd09dca471832384d12a69e1ab873e5effbb94adc3e966",
                "sha256:f28a42bb322b4ca6d255531bb334a2b3e21f172e37c1741bd5e66bc4b7b61f03",
                "sha256:f4581bccb786da68725d8eac7c63a8f31a89116b8761ff8b4989dc58b61d49a0",
                "sha256:f6effa1299ac549a05c784d50292e3378dbbf010346ded67400193b09ddc2f04"
            ],
            "markers": "python_version >= '3.10'",
            "version": "==1.22.1"
        },
        "packaging": {
            "hashes": [
                "sha256:29572ef2b1f17581046b3a2227d5c611fb25ec70ca1ba8554b24b0e69331a484",
                "sha256:d443872c98d677bf60f6a1f2f8c1cb748e8fe762d2bf9d3148b5599295b0fc4f"
            ],
            "markers": "python_version >= '3.8'",
            "version": "==25.0"
        },
        "protobuf": {
            "hashes": [
                "sha256:15eba1b86f193a407607112ceb9ea0ba9569aed24f93333fe9a497cf2fda37d3",
                "sha256:501fe6372fd1c8ea2a30b4d9be8f87955a64d6be9c88a973996cef5ef6f0abf1",
                "sha256:75a2aab2bd1aeb1f5dc7c5f33bcb11d82ea8c055c9becbb41c26a8c43fd7092c",
                "sha256:7db8ed09024f115ac877a1427557b838705359f047b2ff2f2b2364892d19dacb",
                "sha256:84f9e3c1ff6fb0308dbacb0950d8aa90694b0d0ee68e75719cb044b7078fe741",
                "sha256:a81439049127067fc49ec1d36e25c6ee1d1a2b7be930675f919258d03c04e7d2",
                "sha256:a8bdbb2f009cfc22a36d031f22a625a38b615b5e19e558a7b756b3279723e68e",
                "sha256:ba377e5b67b908c8f3072a57b63e2c6a4cbd18aea4ed98d2584350dbf46f2783",
                "sha256:d52691e5bee6c860fff9a1c86ad26a13afbeb4b168cd4445c922b7e2cf85aaf0"
            ],
            "markers": "python_version >= '3.9'",
            "version": "==6.32.0"
        },
        "pydantic": {
            "hashes": [
                "sha256:d989c3c6cb79469287b1569f7447a17848c998458d49ebe294e975b9baf0f0db",
                "sha256:dde5df002701f6de26248661f6835bbe296a47bf73990135c7d07ce741b9623b"
            ],
            "markers": "python_version >= '3.9'",
            "version": "==2.11.7"
        },
        "pydantic-core": {
            "hashes": [
                "sha256:0069c9acc3f3981b9ff4cdfaf088e98d83440a4c7ea1bc07460af3d4dc22e72d",
                "sha256:031c57d67ca86902726e0fae2214ce6770bbe2f710dc33063187a68744a5ecac",
                "sha256:0405262705a123b7ce9f0b92f123334d67b70fd1f20a9372b907ce1080c7ba02",
                "sha256:04a1a413977ab517154eebb2d326da71638271477d6ad87a769102f7c2488c56",
                "sha256:09fb9dd6571aacd023fe6aaca316bd01cf60ab27240d7eb39ebd66a3a15293b4",
                "sha256:0a39979dcbb70998b0e505fb1556a1d550a0781463ce84ebf915ba293ccb7e22",
                "sha256:0a9f2c9dd19656823cb8250b0724ee9c60a82f3cdf68a080979d13092a3b0fef",
                "sha256:0e03262ab796d986f978f79c943fc5f620381be7287148b8010b4097f79a39ec",
                "sha256:0e5b2671f05ba48b94cb90ce55d8bdcaaedb8ba00cc5359f6810fc918713983d",
                "sha256:0e6116757f7959a712db11f3e9c0a99ade00a5bbedae83cb801985aa154f071b",
                "sha256:0fb2d542b4d66f9470e8065c5469ec676978d625a8b7a363f07d9a501a9cb36a",
                "sha256:1082dd3e2d7109ad8b7da48e1d4710c8d06c253cbc4a27c1cff4fbcaa97a9e3f",
                "sha256:1a8695a8d00c73e50bff9dfda4d540b7dee29ff9b8053e38380426a85ef10052",
                "sha256:1e063337ef9e9820c77acc768546325ebe04ee38b08703244c1309cccc4f1bab",
                "sha256:1ea40a64d23faa25e62a70ad163571c0b342b8bf66d5fa612ac0dec4f069d916",
                "sha256:2058a32994f1fde4ca0480ab9d1e75a0e8c87c22b53a3ae66554f9af78f2fe8c",
                "sha256:235f45e5dbcccf6bd99f9f472858849f73d11120d76ea8707115415f8e5ebebf",
                "sha256:2807668ba86cb38c6817ad9bc66215ab8584d1d304030ce4f0887336f28a5e27",
                "sha256:2b0a451c263b01acebe51895bfb0e1cc842a5c666efe06cdf13846c7418caa9a",
                "sha256:2b3d326aaef0c0399d9afffeb6367d5e26ddc24d351dbc9c636840ac355dc5d8",
                "sha256:2bfb5112df54209d820d7bf9317c7a6c9025ea52e49f46b6a2060104bba37de7",
                "sha256:2f82865531efd18d6e07a04a17331af02cb7a651583c418df8266f17a63c6612",
                "sha256:329467cecfb529c925cf2bbd4d60d2c509bc2fb52a20c1045bf09bb70971a9c1",
                "sha256:3a1c81334778f9e3af2f8aeb7a960736e5cab1dfebfb26aabca09afd2906c039",
                "sha256:3abcd9392a36025e3bd55f9bd38d908bd17962cc49bc6da8e7e96285336e2bca",
                "sha256:3c6db6e52c6d70aa0d00d45cdb9b40f0433b96380071ea80b09277dba021ddf7",
                "sha256:3dc625f4aa79713512d1976fe9f0bc99f706a9dee21dfd1810b4bbbf228d0e8a",
                "sha256:3eb3fe62804e8f859c49ed20a8451342de53ed764150cb14ca71357c765dc2a6",
                "sha256:44857c3227d3fb5e753d5fe4a3420d6376fa594b07b621e220cd93703fe21782",
                "sha256:4b25d91e288e2c4e0662b8038a28c6a07eaac3e196cfc4ff69de4ea3db992a1b",
                "sha256:4c5b0a576fb381edd6d27f0a85915c6daf2f8138dc5c267a57c08a62900758c7",
                "sha256:4e61206137cbc65e6d5256e1166f88331d3b6238e082d9f74613b9b765fb9025",
                "sha256:52fb90784e0a242bb96ec53f42196a17278855b0f31ac7c3cc6f5c1ec4811849",
                "sha256:53a57d2ed685940a504248187d5685e49eb5eef0f696853647bf37c418c538f7",
                "sha256:572c7e6c8bb4774d2ac88929e3d1f12bc45714ae5ee6d9a788a9fb35e60bb04b",
                "sha256:5c4aa4e82353f65e548c476b37e64189783aa5384903bfea4f41580f255fddfa",
                "sha256:5c92edd15cd58b3c2d34873597a1e20f13094f59cf88068adb18947df5455b4e",
                "sha256:5f483cfb75ff703095c59e365360cb73e00185e01aaea067cd19acffd2ab20ea",
                "sha256:61c18fba8e5e9db3ab908620af374db0ac1baa69f0f32df4f61ae23f15e586ac",
                "sha256:6368900c2d3ef09b69cb0b913f9f8263b03786e5b2a387706c5afb66800efd51",
                "sha256:64632ff9d614e5eecfb495796ad51b0ed98c453e447a76bcbeeb69615079fc7e",
                "sha256:65132b7b4a1c0beded5e057324b7e16e10910c106d43675d9bd87d4f38dde162",
                "sha256:6b99022f1d19bc32a4c2a0d544fc9a76e3be90f0b3f4af413f87d38749300e65",
                "sha256:6bdfe4b3789761f3bcb4b1ddf33355a71079858958e3a552f16d5af19768fef2",
                "sha256:6fa6dfc3e4d1f734a34710f391ae822e0a8eb8559a85c6979e14e65ee6ba2954",
                "sha256:73662edf539e72a9440129f231ed3757faab89630d291b784ca99237fb94db2b",
                "sha256:73cf6373c21bc80b2e0dc88444f41ae60b2f070ed02095754eb5a01df12256de",
                "sha256:7cb8bc3605c29176e1b105350d2e6474142d7c1bd1d9327c4a9bdb46bf827acc",
                "sha256:7f92c15cd1e97d4b12acd1cc9004fa092578acfa57b67ad5e43a197175d01a64",
                "sha256:82f68293f055f51b51ea42fafc74b6aad03e70e191799430b90c13d643059ebb",
                "sha256:83aa99b1285bc8f038941ddf598501a86f1536789740991d7d8756e34f1e74d9",
                "sha256:87acbfcf8e90ca885206e98359d7dca4bcbb35abdc0ff66672a293e1d7a19101",
                "sha256:87b31b6846e361ef83fedb187bb5b4372d0da3f7e28d85415efa92d6125d6e6d",
                "sha256:881b21b5549499972441da4758d662aeea93f1923f953e9cbaff14b8b9565aef",
                "sha256:8d55ab81c57b8ff8548c3e4947f119551253f4e3787a7bbc0b6b3ca47498a9d3",
                "sha256:8f57a69461af2a5fa6e6bbd7a5f60d3b7e6cebb687f55106933188e79ad155c1",
                "sha256:95237e53bb015f67b63c91af7518a62a8660376a6a0db19b89acc77a4d6199f5",
                "sha256:96081f1605125ba0855dfda83f6f3df5ec90c61195421ba72223de35ccfb2f88",
                "sha256:970919794d126ba8645f3837ab6046fb4e72bbc057b3709144066204c19a455d",
                "sha256:9cb1da0f5a471435a7bc7e439b8a728e8b61e59784b2af70d7c169f8dd8ae290",
                "sha256:9fcd347d2cc5c23b06de6d3b7b8275be558a0c90549495c699e379a80bf8379e",
                "sha256:9fdac5d6ffa1b5a83bca06ffe7583f5576555e6c8b3a91fbd25ea7780f825f7d",
                "sha256:a11c8d26a50bfab49002947d3d237abe4d9e4b5bdc8846a63537b6488e197808",
                "sha256:a144d4f717285c6d9234a66778059f33a89096dfb9b39117663fd8413d582dcc",
                "sha256:a2b911a5b90e0374d03813674bf0a5fbbb7741570dcd4b4e85a2e48d17def29d",
                "sha256:a7ec89dc587667f22b6a0b6579c249fca9026ce7c333fc142ba42411fa243cdc",
                "sha256:aa9d91b338f2df0508606f7009fde642391425189bba6d8c653afd80fd6bb64e",
                "sha256:b0379a2b24882fef529ec3b4987cb5d003b9cda32256024e6fe1586ac45fc640",
                "sha256:bc7aee6f634a6f4a95676fcb5d6559a2c2a390330098dba5e5a5f28a2e4ada30",
                "sha256:bdc25f3681f7b78572699569514036afe3c243bc3059d3942624e936ec93450e",
                "sha256:c083a3bdd5a93dfe480f1125926afcdbf2917ae714bdb80b36d34318b2bec5d9",
                "sha256:c20c462aa4434b33a2661701b861604913f912254e441ab8d78d30485736115a",
                "sha256:c2fc0a768ef76c15ab9238afa6da7f69895bb5d1ee83aeea2e3509af4472d0b9",
                "sha256:c52b02ad8b4e2cf14ca7b3d918f3eb0ee91e63b3167c32591e57c4317e134f8f",
                "sha256:c54c939ee22dc8e2d545da79fc5381f1c020d6d3141d3bd747eab59164dc89fb",
                "sha256:c8e7af2f4e0194c22b5b37205bfb293d166a7344a5b0d0eaccebc376546d77d5",
                "sha256:cca3868ddfaccfbc4bfb1d608e2ccaaebe0ae628e1416aeb9c4d88c001bb45ab",
                "sha256:d3f26877a748dc4251cfcfda9dfb5f13fcb034f5308388066bcfe9031b63ae7d",
                "sha256:d53b22f2032c42eaaf025f7c40c2e3b94568ae077a606f006d206a463bc69572",
                "sha256:d87c561733f66531dced0da6e864f44ebf89a8fba55f31407b00c2f7f9449593",
                "sha256:d946c8bf0d5c24bf4fe333af284c59a19358aa3ec18cb3dc4370080da1e8ad29",
                "sha256:dac89aea9af8cd672fa7b510e7b8c33b0bba9a43186680550ccf23020f32d535",
                "sha256:db4b41f9bd95fbe5acd76d89920336ba96f03e149097365afe1cb092fceb89a1",
                "sha256:dc46a01bf8d62f227d5ecee74178ffc448ff4e5197c756331f71efcc66dc980f",
                "sha256:dd14041875d09cc0f9308e37a6f8b65f5585cf2598a53aa0123df8b129d481f8",
                "sha256:de4b83bb311557e439b9e186f733f6c645b9417c84e2eb8203f3f820a4b988bf",
                "sha256:e799c050df38a639db758c617ec771fd8fb7a5f8eaaa4b27b101f266b216a246",
                "sha256:e80b087132752f6b3d714f041ccf74403799d3b23a72722ea2e6ba2e892555b9",
                "sha256:eb8c529b2819c37140eb51b914153063d27ed88e3bdc31b71198a198e921e011",
                "sha256:eb9b459ca4df0e5c87deb59d37377461a538852765293f9e6ee834f0435a93b9",
                "sha256:efec8db3266b76ef9607c2c4c419bdb06bf335ae433b80816089ea7585816f6a",
                "sha256:f481959862f57f29601ccced557cc2e817bce7533ab8e01a797a48b49c9692b3",
                "sha256:f517ca031dfc037a9c07e748cefd8d96235088b83b4f4ba8939105d20fa1dcd6",
                "sha256:f889f7a40498cc077332c7ab6b4608d296d852182211787d4f3ee377aaae66e8",
                "sha256:f8de619080e944347f5f20de29a975c2d815d9ddd8be9b9b7268e2e3ef68605a",
                "sha256:f941635f2a3d96b2973e867144fde513665c87f13fe0e193c158ac51bfaaa7b2",
                "sha256:fa754d1850735a0b0e03bcffd9d4b4343eb417e47196e4485d9cca326073a42c",
                "sha256:fa854f5cf7e33842a892e5c73f45327760bc7bc516339fda888c75ae60edaeb6",
                "sha256:fe5b32187cbc0c862ee201ad66c30cf218e5ed468ec8dc1cf49dec66e160cc4d"
            ],
            "index": "pypi",
            "markers": "python_version >= '3.9'",
            "version": "==2.33.2"
        },
        "pyreadline3": {
            "hashes": [
                "sha256:8d57d53039a1c75adba8e50dd3d992b28143480816187ea5efbd5c78e6c885b7",
                "sha256:eaf8e6cc3c49bcccf145fc6067ba8643d1df34d604a1ec0eccbf7a18e6d3fae6"
            ],
            "markers": "python_version >= '3.8'",
            "version": "==3.5.4"
        },
        "python-dotenv": {
            "hashes": [
                "sha256:31f23644fe2602f88ff55e1f5c79ba497e01224ee7737937930c448e4d0e24dc",
                "sha256:a8a6399716257f45be6a007360200409fce5cda2661e3dec71d23dc15f6189ab"
            ],
            "index": "pypi",
            "markers": "python_version >= '3.9'",
            "version": "==1.1.1"
        },
        "sqlparse": {
            "hashes": [
                "sha256:09f67787f56a0b16ecdbde1bfc7f5d9c3371ca683cfeaa8e6ff60b4807ec9272",
                "sha256:cf2196ed3418f3ba5de6af7e82c694a9fbdbfecccdfc72e281548517081f16ca"
            ],
            "markers": "python_version >= '3.8'",
            "version": "==0.5.3"
        },
        "sympy": {
            "hashes": [
                "sha256:d3d3fe8df1e5a0b42f0e7bdf50541697dbe7d23746e894990c030e2b05e72517",
                "sha256:e091cc3e99d2141a0ba2847328f5479b05d94a6635cb96148ccb3f34671bd8f5"
            ],
            "markers": "python_version >= '3.9'",
            "version": "==1.14.0"
        },
        "typing-extensions": {
            "hashes": [
                "sha256:38b39f4aeeab64884ce9f74c94263ef78f3c22467c8724005483154c26648d36",
                "sha256:d1e1e3b58374dc93031d6eda2420a48ea44a36c2b4766a4fdeb3710755731d76"
            ],
            "markers": "python_version >= '3.9'",
            "version": "==4.14.1"
        },
        "typing-inspection": {
            "hashes": [
                "sha256:389055682238f53b04f7badcb49b989835495a96700ced5dab2d8feae4b26f51",
                "sha256:6ae134cc0203c33377d43188d4064e9b357dba58cff3185f22924610e70a9d28"
            ],
            "markers": "python_version >= '3.9'",
            "version": "==0.4.1"
        },
        "tzdata": {
            "hashes": [
                "sha256:1a403fada01ff9221ca8044d701868fa132215d84beb92242d9acd2147f667a8",
                "sha256:b60a638fcc0daffadf82fe0f57e53d06bdec2f36c4df66280ae79bce6bd6f2b9"
            ],
            "markers": "python_version >= '2'",
            "version": "==2025.2"
        }
    },
    "develop": {}
}
