{
    "_meta": {
        "hash": {
            "sha256": "13ed4a52f0eed8cfb54f01da4ee1ea8630f48c0b2981f32b3db6894087771336"
        },
        "pipfile-spec": 6,
        "requires": {
            "python_version": "3.13"
        },
        "sources": [
            {
                "name": "pypi",
                "url": "https://pypi.org/simple",
                "verify_ssl": true
            }
        ]
    },
    "default": {
        "annotated-types": {
            "hashes": [
                "sha256:1f02e8b43a8fbbc3f3e0d4f0f4bfc8131bcb4eebe8849b8e5c773f3a1c582a53",
                "sha256:aff07c09a53a08bc8cfccb9c85b05f1aa9a2a6f23728d790723543408344ce89"
            ],
            "markers": "python_version >= '3.8'",
            "version": "==0.7.0"
        },
        "asgiref": {
            "hashes": [
                "sha256:aef8a81283a34d0ab31630c9b7dfe70c812c95eba78171367ca8745e88124734",
                "sha256:d89f2d8cd8b56dada7d52fa7dc8075baa08fb836560710d38c292a7a3f78c04e"
            ],
            "markers": "python_version >= '3.9'",
            "version": "==3.10.0"
        },
        "click": {
            "hashes": [
                "sha256:9b9f285302c6e3064f4330c05f05b81945b2a39544279343e6e7c5f27a9baddc",
                "sha256:e7b8232224eba16f4ebe410c25ced9f7875cb5f3263ffc93cc3e8da705e229c4"
            ],
            "markers": "python_version >= '3.10'",
            "version": "==8.3.0"
        },
        "colorama": {
            "hashes": [
                "sha256:08695f5cb7ed6e0531a20572697297273c47b8cae5a63ffc6d6ed5c201be6e44",
                "sha256:4f1d9991f5acc0ca119f9d443620b77f9d6b33703e51011c16baf57afb285fc6"
            ],
            "markers": "python_version >= '2.7' and python_version not in '3.0, 3.1, 3.2, 3.3, 3.4, 3.5, 3.6'",
            "version": "==0.4.6"
        },
        "coloredlogs": {
            "hashes": [
                "sha256:612ee75c546f53e92e70049c9dbfcc18c935a2b9a53b66085ce9ef6a6e5c0934",
                "sha256:7c991aa71a4577af2f82600d8f8f3a89f936baeaf9b50a9c197da014e5bf16b0"
            ],
            "markers": "python_version >= '2.7' and python_version not in '3.0, 3.1, 3.2, 3.3, 3.4'",
            "version": "==15.0.1"
        },
        "django": {
            "hashes": [
                "sha256:59a13a6515f787dec9d97a0438cd2efac78c8aca1c80025244b0fe507fe0754b",
                "sha256:e0f6f12e2551b1716a95a63a1366ca91bbcd7be059862c1b18f989b1da356cdd"
            ],
            "index": "pypi",
            "markers": "python_version >= '3.10'",
            "version": "==5.2.7"
        },
        "django-ninja": {
            "hashes": [
                "sha256:e46d477ca60c228d2a5eb3cc912094928ea830d364501f966661eeada67cb038",
                "sha256:f3204137a059437b95677049474220611f1cf9efedba9213556474b75168fa01"
            ],
            "index": "pypi",
            "markers": "python_version >= '3.7'",
            "version": "==1.4.3"
        },
        "flatbuffers": {
            "hashes": [
                "sha256:255538574d6cb6d0a79a17ec8bc0d30985913b87513a01cce8bcdb6b4c44d0e2",
                "sha256:676f9fa62750bb50cf531b42a0a2a118ad8f7f797a511eda12881c016f093b12"
            ],
            "version": "==25.9.23"
        },
        "granian": {
            "hashes": [
                "sha256:07c47847163a1bcce0b7c323093b20be8a8ec9d4f4eba596b4d27f85ddbe669f",
                "sha256:0846be8ba1d8ac536607e0e5a4538bb4556eac322224a0d18edad2498f2ea318",
                "sha256:09422fde80f418577cd16c7a2f4fb9c917f5282760694f36bb225c0864f139b5",
                "sha256:10ae5ce26b1048888ac5aa3747415d8be8bbb014106b27ef0e77d23d2e00c51d",
                "sha256:14129339f0ed9bbd2d129f82ed16e0c330edca7300482bd53cef466cc7b3ec6d",
                "sha256:16bf4d4f78a9703c8ecd1484a5321c9edb001d9d7e59a0e7cf044462afc9cd77",
                "sha256:1da588e951b3e0bce94f2743158750c9733efcbe5c27b31f50e9bda6af8aac1f",
                "sha256:1e580f5fa30ed04e724c71de099dcacc4722613f8a53e41454bac86242887da7",
                "sha256:1fb3c2a76eff474b4a9611441fbf14da760d002a7bc6b37dee6f970dc642c862",
                "sha256:23b2e86ea97320bbe80866a94e6855752f0c73c0ec07772e0241e8409384cde5",
                "sha256:2466523c14724d2d68497cd081ffd2aa913381be199e7eb71347847a3651224c",
                "sha256:25a1d03fc93184009d5e76a5bfb5b29222e7debacfc225dd5d3732f6f6f99c10",
                "sha256:27b3e7906916ad6e84a8b16d89517d8652bece62888cb9421597eb14767a9d92",
                "sha256:294c574fcd8005587671476b751e5853b262ecb1b1011e634ac160d6a0259abd",
                "sha256:29a0d2a5d2e77ae72292e56d7b66dbbabaf13ba3249e0d26c7a0e479384839ce",
                "sha256:2caeee9d12144c9c285d3074c7979cdf1ad3d84a86204dec9035ca6cec5d713f",
                "sha256:2dc03e2f375354b95d477c9455fb2fb427a922740f45e036cdf60da660adbf13",
                "sha256:328ed82315ccbd5dedc8f5318a1f80d49e07eb34ebc0753bc2930d2f30070a34",
                "sha256:3923fb93dbf51e88492f61244c4ddc1980eaf9cb0c2ee212d83c3e6ffb97c3d9",
                "sha256:3accc02c981436e783772b12ea8cead35e8e644437881d7da842ff474f8e30f9",
                "sha256:3cad64e8e41d6f3daf3e7a3eea88023aa7e64ee81450443ac9f4e6cae005079d",
                "sha256:3cb602ac3ea567476c339e8683a0fa2ffe7fd8432798bd63c371d5b32502bdb9",
                "sha256:3f0940963f6c6e50de19195014902d9a565a612aa0583082c9082bd83f259446",
                "sha256:4403600ac0273d4169c4c73773f57c5a3b44cc8aa8384a2f468c98c4294a3f27",
                "sha256:48356114113ac3d48f70ea05cf42e560384c93318f5ef8f5638cb666f8243f2b",
                "sha256:487bdc40b234ef84510eac1d63f0720ca92daca08feb7d2d98a1f0a84cc54b0e",
                "sha256:4a2197096e82f31388f329d6f0e4c13746a1e7a07db5331a77becb1ac6fb18fd",
                "sha256:533bf842b56c8531705048211e3152fb1234d7611f83257a71cbf7e734c0f4a1",
                "sha256:539ee12b02281929358349e01a0c42c0594ebcf4f44033c8a4d7a446f837e034",
                "sha256:54bd0604db172a964b1bc4b8709329b7f4e9cff6b8f468104ca7603a5e61d529",
                "sha256:5a4e74bf6d91dd7df6ffc7edb74e74147057fc947c04684d2d9af03e5e71ad71",
                "sha256:5f642a4fa1d41943d288db714bd1e0d218537bfa8bc6355d7063e8959b84c32b",
                "sha256:602fc22b2fde1c624cbc4ee64b0c8e547d394fbef70927ec7b0ca5e2d1ccea31",
                "sha256:6635c18a4af7dea3c16f81143831ef540dd671829712fa1d8fcedd2da1cd8ae3",
                "sha256:6a477b204fca30218b3cc16721df38f1e159c5ee27252b305c78982af1995974",
                "sha256:6aa6b4ad4d479fe3e7d42ca4321ae7febad9cdae5c269032234b8b4ac8dbd017",
                "sha256:71378e1c0201a418fce6852c09d80de6ed0e6ff89dd019e4efb7ab42bff3461d",
                "sha256:73c136bac23cd1d2c969a52374972ec7da6e0920768bf0bcce65e00cabb4ebb9",
                "sha256:76cd55ab521cc501a977f50ace9d72a6a4f9a6849e6490b14af2e9acc614ce55",
                "sha256:79db7d0eac7445a383e22b6d3e9323882bc9a9c1d2fd62097c0452822c4de526",
                "sha256:7f58116ab1300ca744a861482ce3194e9be5f1adad9ac4adda89d47b1ba3fa50",
                "sha256:7fa841c10420b2c0a2001db6d75bcc8d171ed2e93edd00d8223b4e7cc0d47500",
                "sha256:8478d777971d6c1601b479c70a5c1aaaba7b656fa5044b1c38b4ba5e172f0fc7",
                "sha256:85989a08052f1bbb174fd73759e1ae505e50b4c0690af366ca6ba844203dd463",
                "sha256:89b884962aa03c98743304dd85f1ccff216cd4d8125889bdc2fe4260025c9db0",
                "sha256:8a067c27e733b0851e6f66175c1aac8badda60b698457181881c08a4e17baecf",
                "sha256:8b3b24b7620df45752bbf34f93250f733a6996a7409879efbea6ab38f57eff69",
                "sha256:8b3faa2eec6dbbb072aae575d6a6a5e5577aef13c93d38d454a6a9fffc954ce7",
                "sha256:907d17f94a039b1047a82386b4979a6a7db7f4c37598225c6184a2b89f0ae12d",
                "sha256:97735bdbc2877583ea1c8dbfca31bcaf118a6e818afe6000eb8a9d09fd9d07e0",
                "sha256:9b1d2e2af1829e7022dd89bcbfda0e580a1bc1440105757f16ef262f8ab3aa5e",
                "sha256:9b970a50230ae437615d754e1bc4aaa740fbe3f1418cc0c8933b260a691bb8f5",
                "sha256:9bb902636271f9e61f6653625670982f7a0e19cbc7ae56fc65cd26bf330c612f",
                "sha256:9bd438bb41cbac25f5f3155924947f0e2594b69f8a5f78e43c453c35fa28a1f0",
                "sha256:9e3cc6fbfc0a8ed35e2237fe2aee706cc7ca16c59bf332b44508d1bffdc33c69",
                "sha256:a009e99d3c4a2a70a15a97391566753045a81641e5a3e651ff346d8bb7fe7450",
                "sha256:a09d2bef7805f10093aa356d976fdb3607d274252ef9429c6c1a24d239032c29",
                "sha256:a126b75927583292a9d2cfae627cd4b1da3e68d04dd87ba5a53b4860768d9e04",
                "sha256:a404bff75dc29c01566a4e896237f6cb8eda49a71b90770b8316ebe1b08a3d46",
                "sha256:a6778b9f7ecef8a423dd203aa5b0644a18d53eb749e830b2fe33abecad5d7e84",
                "sha256:a76d7033a8d68c8353293fae8365e3b649bb155ab39af14387f3e9e870d503fb",
                "sha256:a7782a25ab78a55b61cb9b06f8aac471e9fafa3e1c20d6cdf970e93c834f6ddf",
                "sha256:a9cd021fcece7572d16f0560b375539ff06b1ee468fc991ec6718925cd1f07e6",
                "sha256:ab64839e7395b45fc9918eacc4da3768b02256a0eb231d9bc533ab83ab60af40",
                "sha256:ac3fe7dbef11059c24cf7461a88210b23e69ab34389e5c49387d926658bb53e7",
                "sha256:aec61eb6b2031860704c8c1e462148b3c59759a28e19df72702c49bf15caa276",
                "sha256:b0341a553fe913b4a741c10f532f5315d57deaa34877494d4c4b09c666f5266c",
                "sha256:b44dc391bf9bc1303bcb2cb344bbb5c35de92f43a3e8584f2a984dfda2fea8e3",
                "sha256:b78ab23495e384521085c33fecb3987779e1b1e43f34acd5b25e864b699933f9",
                "sha256:b78b8a6f30d0534b2db3f9cb99702d06be110b6e91f5639837a6f52f4891fc1d",
                "sha256:b860e75c7755cfcf65c7f241e13750e78fb9b144d591ce0ec0dab02fae989fb5",
                "sha256:bb6be969da8b9c76274850214ba070dacd330ee61e5d9cc3c5390f865a0cf67c",
                "sha256:bc27bff6ea5a80fd5bf28297ac53fa31771cbdfa35650a6eb4f2c4efc751097d",
                "sha256:c237db56e5ff3fdad6539a3fbfcb9b57ce71463db55a016ba08296828043112f",
                "sha256:c4387cca4e38ec7579cac71a2da27fd177ced682b1de8bf917b9610f2ac0ba5e",
                "sha256:c4bb60b122971326d0d1baf10336c67bdecdd7adc708cf0b09bf1cde5563e8f5",
                "sha256:c5550d533a61053fc4d95044bdc80ba00118ca312ed85867ed63163fa5878f85",
                "sha256:c6309d729f1b022b09fd051a277096a732bd8ed39986ac4b9849f6e79b660880",
                "sha256:c711335619a6936728b7773052fb0ec9d612b19abb2c786972ce3efee836df9d",
                "sha256:c7e6f92f87115c86162e294eb1bd809cca7fc68c75a1c1b3a4bd916568c74ee7",
                "sha256:cab6062978fd3494216c2e8bf1edd88444fe2ccd58fc6a5a39f899993001d44c",
                "sha256:cbadc8e49f90716b8f8aa2c2cee7a2e82c5a37dab5f6fbd449e76185ce205715",
                "sha256:cc75f15876415054c094e9ef941cf49c315ee5f0f20701fdfb3ffc698054c727",
                "sha256:ce9ec6baebb83ba7d1ed507dc7d301f7f29725f9b7a8c9c974f96479dea3a090",
                "sha256:d04a1432ed98b7e4b4e5cff188819f34bd680785352237477d7886eb9305f692",
                "sha256:d069aba17c966a7809fe373b772685110e6e5e472f97ff9155dcd8e681027a9f",
                "sha256:d1712a8ede152c2648557de6a23dbeb05ed499bfd83c42dad0689d9f2ba0621d",
                "sha256:d1efb111f84236a72d5864d64a0198e04e699014119c33d957fac34a0efb2474",
                "sha256:d3eaaf38851308af616ad5fdc35f333857f128493072ea208c1bb2fb557dcf2e",
                "sha256:d6d1b462ccb57af3051def8eae13f1df81dc902e9deff3cc6dfbb692c40a5a1f",
                "sha256:d91b4642283ea8169aad64b74b242c364a3ce24d6aeed9b5a4358f99a5ab4d84",
                "sha256:e28453632093da4e31b1d346396362d1f002ac1bf766486b4f8943362e081021",
                "sha256:e39bc221a08b3afdb6d5e53dadff929d76f3b725d9534a00acc7a1260099c727",
                "sha256:e52f65acd4da0a3af7a5d2d6a6445d530e84fe52057ee39f52ce92a6598fe37b",
                "sha256:e8082ae43ac2f080071bdef557b205bcc4b2f71d8a148a33e389329935533e17",
                "sha256:f3fcf2e6c8a150f48e4b77271b33ebfc7c2d8381e692b5177d4bd7fcefbb691d",
                "sha256:f52aee85459304f1e74ff4cb5bb60d23db267b671b1199ff589b1a5a65f5638f",
                "sha256:f6c50539f654ce5f8fadd9b360fac0361d812c39c7a5f1e525889c51899a10f0",
                "sha256:f6d5bd05c6e833d54b77c2ee19130cfa5d54ae4eb301ffca56744f712c4a9d03",
                "sha256:f73edfcc140259195c1ad8b556a986d3044e1225f50ca38aa8da7514fc7ea170",
                "sha256:ff9996929a16a72a61fb1f03a9e79e830bf7a6a4e9eb0470c6ef03f67d5ea5c0"
            ],
            "index": "pypi",
            "markers": "python_version >= '3.9'",
            "version": "==2.5.4"
        },
        "humanfriendly": {
            "hashes": [
                "sha256:1697e1a8a8f550fd43c2865cd84542fc175a61dcb779b6fee18cf6b6ccba1477",
                "sha256:6b0b831ce8f15f7300721aa49829fc4e83921a9a301cc7f606be6686a2288ddc"
            ],
            "markers": "python_version >= '2.7' and python_version not in '3.0, 3.1, 3.2, 3.3, 3.4'",
            "version": "==10.0"
        },
        "magika": {
            "hashes": [
                "sha256:37eb6ae8020f6e68f231bc06052c0a0cbe8e6fa27492db345e8dc867dbceb067",
                "sha256:57cd1d64897634d15de552bd6b3ae9c6ff6ead9c60d384dc46497c08288e4559",
                "sha256:5ef72fbc07723029b3684ef81454bc224ac5f60986aa0fc5a28f4456eebcb5b2",
                "sha256:711f427a633e0182737dcc2074748004842f870643585813503ff2553b973b9f",
                "sha256:9109309328a1553886c8ff36c2ee9a5e9cfd36893ad81b65bf61a57debdd9d0e"
            ],
            "index": "pypi",
            "markers": "python_version >= '3.8'",
            "version": "==0.6.2"
        },
        "mpmath": {
            "hashes": [
                "sha256:7a28eb2a9774d00c7bc92411c19a89209d5da7c4c9a9e227be8330a23a25b91f",
                "sha256:a0b2b9fe80bbcd81a6647ff13108738cfb482d481d826cc0e02f5b35e5c88d2c"
            ],
            "version": "==1.3.0"
        },
        "numpy": {
            "hashes": [
                "sha256:067e3d7159a5d8f8a0b46ee11148fc35ca9b21f61e3c49fbd0a027450e65a33b",
                "sha256:0edd58682a399824633b66885d699d7de982800053acf20be1eaa46d92009c54",
                "sha256:0ffc4f5caba7dfcbe944ed674b7eef683c7e94874046454bb79ed7ee0236f59d",
                "sha256:1250c5d3d2562ec4174bce2e3a1523041595f9b651065e4a4473f5f48a6bc8a5",
                "sha256:179a42101b845a816d464b6fe9a845dfaf308fdfc7925387195570789bb2c970",
                "sha256:1c02d0629d25d426585fb2e45a66154081b9fa677bc92a881ff1d216bc9919a8",
                "sha256:1e02c7159791cd481e1e6d5ddd766b62a4d5acf8df4d4d1afe35ee9c5c33a41e",
                "sha256:2990adf06d1ecee3b3dcbb4977dfab6e9f09807598d647f04d385d29e7a3c3d3",
                "sha256:2e267c7da5bf7309670523896df97f93f6e469fb931161f483cd6882b3b1a5dc",
                "sha256:367ad5d8fbec5d9296d18478804a530f1191e24ab4d75ab408346ae88045d25e",
                "sha256:396b254daeb0a57b1fe0ecb5e3cff6fa79a380fa97c8f7781a6d08cd429418fe",
                "sha256:3c7cf302ac6e0b76a64c4aecf1a09e51abd9b01fc7feee80f6c43e3ab1b1dbc5",
                "sha256:40051003e03db4041aa325da2a0971ba41cf65714e65d296397cc0e32de6018b",
                "sha256:414a97499480067d305fcac9716c29cf4d0d76db6ebf0bf3cbce666677f12652",
                "sha256:433bf137e338677cebdd5beac0199ac84712ad9d630b74eceeb759eaa45ddf30",
                "sha256:4384a169c4d8f97195980815d6fcad04933a7e1ab3b530921c3fef7a1c63426d",
                "sha256:497d7cad08e7092dba36e3d296fe4c97708c93daf26643a1ae4b03f6294d30eb",
                "sha256:50a5fe69f135f88a2be9b6ca0481a68a136f6febe1916e4920e12f1a34e708a7",
                "sha256:533ca5f6d325c80b6007d4d7fb1984c303553534191024ec6a524a4c92a5935a",
                "sha256:5534ed6b92f9b7dca6c0a19d6df12d41c68b991cef051d108f6dbff3babc4ebf",
                "sha256:5b83648633d46f77039c29078751f80da65aa64d5622a3cd62aaef9d835b6c93",
                "sha256:691808c2b26b0f002a032c73255d0bd89751425f379f7bcd22d140db593a96e8",
                "sha256:6ee9086235dd6ab7ae75aba5662f582a81ced49f0f1c6de4260a78d8f2d91a19",
                "sha256:74c2a948d02f88c11a3c075d9733f1ae67d97c6bdb97f2bb542f980458b257e7",
                "sha256:75370986cc0bc66f4ce5110ad35aae6d182cc4ce6433c40ad151f53690130bf1",
                "sha256:78c9f6560dc7e6b3990e32df7ea1a50bbd0e2a111e05209963f5ddcab7073b0b",
                "sha256:7af05ed4dc19f308e1d9fc759f36f21921eb7bbfc82843eeec6b2a2863a0aefa",
                "sha256:7f025652034199c301049296b59fa7d52c7e625017cae4c75d8662e377bf487d",
                "sha256:823d04112bc85ef5c4fda73ba24e6096c8f869931405a80aa8b0e604510a26bc",
                "sha256:8596ba2f8af5f93b01d97563832686d20206d303024777f6dfc2e7c7c3f1850e",
                "sha256:8e9aced64054739037d42fb84c54dd38b81ee238816c948c8f3ed134665dcd86",
                "sha256:8f6ac61a217437946a1fa48d24c47c91a0c4f725237871117dea264982128097",
                "sha256:901bf6123879b7f251d3631967fd574690734236075082078e0571977c6a8e6a",
                "sha256:93d4962d8f82af58f0b2eb85daaf1b3ca23fe0a85d0be8f1f2b7bb46034e56d7",
                "sha256:94fcaa68757c3e2e668ddadeaa86ab05499a70725811e582b6a9858dd472fb30",
                "sha256:952cfd0748514ea7c3afc729a0fc639e61655ce4c55ab9acfab14bda4f402b4c",
                "sha256:9591e1221db3f37751e6442850429b3aabf7026d3b05542d102944ca7f00c8a8",
                "sha256:99683cbe0658f8271b333a1b1b4bb3173750ad59c0c61f5bbdc5b318918fffe3",
                "sha256:9ad12e976ca7b10f1774b03615a2a4bab8addce37ecc77394d8e986927dc0dfe",
                "sha256:9cc48e09feb11e1db00b320e9d30a4151f7369afb96bd0e48d942d09da3a0d00",
                "sha256:9dc13c6a5829610cc07422bc74d3ac083bd8323f14e2827d992f9e52e22cd6a6",
                "sha256:9e318ee0596d76d4cb3d78535dc005fa60e5ea348cd131a51e99d0bdbe0b54fe",
                "sha256:a333b4ed33d8dc2b373cc955ca57babc00cd6f9009991d9edc5ddbc1bac36bcd",
                "sha256:afd07d377f478344ec6ca2b8d4ca08ae8bd44706763d1efb56397de606393f48",
                "sha256:b001bae8cea1c7dfdb2ae2b017ed0a6f2102d7a70059df1e338e307a4c78a8ae",
                "sha256:b37a0b2e5935409daebe82c1e42274d30d9dd355852529eab91dab8dcca7419f",
                "sha256:b912f2ed2b67a129e6a601e9d93d4fa37bef67e54cac442a2f588a54afe5c67a",
                "sha256:bc92a5dedcc53857249ca51ef29f5e5f2f8c513e22cfb90faeb20343b8c6f7a6",
                "sha256:ca0309a18d4dfea6fc6262a66d06c26cfe4640c3926ceec90e57791a82b6eee5",
                "sha256:cb248499b0bc3be66ebd6578b83e5acacf1d6cb2a77f2248ce0e40fbec5a76d0",
                "sha256:cb32e3cf0f762aee47ad1ddc6672988f7f27045b0783c887190545baba73aa25",
                "sha256:cd052f1fa6a78dee696b58a914b7229ecfa41f0a6d96dc663c1220a55e137593",
                "sha256:cd4260f64bc794c3390a63bf0728220dd1a68170c169088a1e0dfa2fde1be12f",
                "sha256:cd7de500a5b66319db419dc3c345244404a164beae0d0937283b907d8152e6ea",
                "sha256:ce020080e4a52426202bdb6f7691c65bb55e49f261f31a8f506c9f6bc7450421",
                "sha256:cfdd09f9c84a1a934cde1eec2267f0a43a7cd44b2cca4ff95b7c0d14d144b0bf",
                "sha256:d00de139a3324e26ed5b95870ce63be7ec7352171bc69a4cf1f157a48e3eb6b7",
                "sha256:d79715d95f1894771eb4e60fb23f065663b2298f7d22945d66877aadf33d00c7",
                "sha256:d8f3b1080782469fdc1718c4ed1d22549b5fb12af0d57d35e992158a772a37cf",
                "sha256:d9192da52b9745f7f0766531dcfa978b7763916f158bb63bdb8a1eca0068ab20",
                "sha256:d9d537a39cc9de668e5cd0e25affb17aec17b577c6b3ae8a3d866b479fbe88d0",
                "sha256:da1a74b90e7483d6ce5244053399a614b1d6b7bc30a60d2f570e5071f8959d3e",
                "sha256:dca2d0fc80b3893ae72197b39f69d55a3cd8b17ea1b50aa4c62de82419936150",
                "sha256:ddc7c39727ba62b80dfdbedf400d1c10ddfa8eefbd7ec8dcb118be8b56d31029",
                "sha256:e1ec5615b05369925bd1125f27df33f3b6c8bc10d788d5999ecd8769a1fa04db",
                "sha256:e6687dc183aa55dae4a705b35f9c0f8cb178bcaa2f029b241ac5356221d5c021",
                "sha256:e7e946c7170858a0295f79a60214424caac2ffdb0063d4d79cb681f9aa0aa569",
                "sha256:eb63d443d7b4ffd1e873f8155260d7f58e7e4b095961b01c91062935c2491e57",
                "sha256:ec9d249840f6a565f58d8f913bccac2444235025bbb13e9a4681783572ee3caa",
                "sha256:ed635ff692483b8e3f0fcaa8e7eb8a75ee71aa6d975388224f70821421800cea",
                "sha256:eda59e44957d272846bb407aad19f89dc6f58fecf3504bd144f4c5cf81a7eacc",
                "sha256:f0dadeb302887f07431910f67a14d57209ed91130be0adea2f9793f1a4f817cf",
                "sha256:f0ddb4b96a87b6728df9362135e764eac3cfa674499943ebc44ce96c478ab125",
                "sha256:f5415fb78995644253370985342cd03572ef8620b934da27d77377a2285955bf"
            ],
            "index": "pypi",
            "markers": "python_version >= '3.11'",
            "version": "==2.3.3"
        },
        "onnxruntime": {
            "hashes": [
                "sha256:009bf5ecad107a7f11af8214fcff19e844214887b38c6673bd63a25af2f6121f",
                "sha256:053df2f9c6522b258055bce4b776aa9ea3adb4b28d2530ab07b204a3d4b04bf9",
                "sha256:05f67edb93678cab5cd77eda89b65bb1b58f3d4c0742058742cfad8b172cfa83",
                "sha256:08efde1dd5c4881aaf49e79cd2f03d0cd977e8f657217e2796c343c06fefac51",
                "sha256:0edee45d4119f7a6f187dc1b63e177e3e6c76932446006fd4f3e81540f260dfa",
                "sha256:24ac2a8b2c6dd00a152a08a9cf1ba3f06b38915f6cb6cf1adbe714e16e5ff460",
                "sha256:3c681ab5ae4fce92d09f4a86ac088a18ea36f8739115b8abf55e557cb6729e97",
                "sha256:5921f2e106f5faf2b32095b2ecdfae047e445c3bce063e439dadc75c212e7be7",
                "sha256:8984f38de1a2d57fead5c791c5a6e1921dadfe0bc9f5ea26a5acfcc78908e3e9",
                "sha256:974e327ca3b6d43da404b9a45df1f61e2503667fde46843ee7ad1567a98f3f0b",
                "sha256:9ef62369a0261aa15b1399addaaf17ed398e4e2128c8548fafcd73aac13820fd",
                "sha256:9f875c93891200a946a3387d2c66c66668b9b60a1a053a83d4ee025d8b8892de",
                "sha256:a91e14627c08fbbde3c54fbce21e0903ce07a985f664f24d097cbfb01a930a69",
                "sha256:b6659f17326e64f2902cd31aa5efc1af41d0e0e3bd1357a75985e358412c35ca",
                "sha256:b703c42e6aee8d58d23b39ea856c4202173fcd4260e87fe08fc1d4e983d76f92",
                "sha256:c613fd9280e506d237f7701c1275b6ff30f517a523ced62d1def11a8cf5acf7c",
                "sha256:e100f3869da4c12b17a9b942934a96a542406f860eb8beb74a68342ea43aaa55",
                "sha256:e2dc1993aa91d665faf2b17772e4e29a2999821e110c0e3d17e2b1c00d0e7f48",
                "sha256:e52c8603c4cc74746ece9966102e4fc6c2b355efc0102a9deb107f3ff86680af",
                "sha256:e8634c5f54774df1e4d1debfdf2ca8f3274fe4ffc816ff5f861c01c48468a2c4",
                "sha256:ecf8c589d7d55bd645237442a97c9a2b4bd35bab35b20fc7f2bc81b70c062071",
                "sha256:ed85686e08cfb29ee96365b9a49e8a350aff7557c13d63d9f07ca3ad68975074"
            ],
            "markers": "python_version >= '3.10'",
            "version": "==1.23.0"
        },
        "packaging": {
            "hashes": [
                "sha256:29572ef2b1f17581046b3a2227d5c611fb25ec70ca1ba8554b24b0e69331a484",
                "sha256:d443872c98d677bf60f6a1f2f8c1cb748e8fe762d2bf9d3148b5599295b0fc4f"
            ],
            "markers": "python_version >= '3.8'",
            "version": "==25.0"
        },
        "protobuf": {
            "hashes": [
                "sha256:2601b779fc7d32a866c6b4404f9d42a3f67c5b9f3f15b4db3cccabe06b95c346",
                "sha256:2f5b80a49e1eb7b86d85fcd23fe92df154b9730a725c3b38c4e43b9d77018bf4",
                "sha256:68ff170bac18c8178f130d1ccb94700cf72852298e016a2443bdb9502279e5f1",
                "sha256:a8a32a84bc9f2aad712041b8b366190f71dde248926da517bde9e832e4412085",
                "sha256:b00a7d8c25fa471f16bc8153d0e53d6c9e827f0953f3c09aaa4331c718cae5e1",
                "sha256:b1864818300c297265c83a4982fd3169f97122c299f56a56e2445c3698d34710",
                "sha256:d0975d0b2f3e6957111aa3935d08a0eb7e006b1505d825f862a1fffc8348e122",
                "sha256:d8c7e6eb619ffdf105ee4ab76af5a68b60a9d0f66da3ea12d1640e6d8dab7281",
                "sha256:ee2469e4a021474ab9baafea6cd070e5bf27c7d29433504ddea1a4ee5850f68d"
            ],
            "markers": "python_version >= '3.9'",
            "version": "==6.32.1"
        },
        "pydantic": {
            "hashes": [
                "sha256:802a655709d49bd004c31e865ef37da30b540786a46bfce02333e0e24b5fe29a",
                "sha256:dc280f0982fbda6c38fada4e476dc0a4f3aeaf9c6ad4c28df68a666ec3c61423"
            ],
            "markers": "python_version >= '3.9'",
            "version": "==2.11.10"
        },
        "pydantic-core": {
            "hashes": [
                "sha256:0069c9acc3f3981b9ff4cdfaf088e98d83440a4c7ea1bc07460af3d4dc22e72d",
                "sha256:031c57d67ca86902726e0fae2214ce6770bbe2f710dc33063187a68744a5ecac",
                "sha256:0405262705a123b7ce9f0b92f123334d67b70fd1f20a9372b907ce1080c7ba02",
                "sha256:04a1a413977ab517154eebb2d326da71638271477d6ad87a769102f7c2488c56",
                "sha256:09fb9dd6571aacd023fe6aaca316bd01cf60ab27240d7eb39ebd66a3a15293b4",
                "sha256:0a39979dcbb70998b0e505fb1556a1d550a0781463ce84ebf915ba293ccb7e22",
                "sha256:0a9f2c9dd19656823cb8250b0724ee9c60a82f3cdf68a080979d13092a3b0fef",
                "sha256:0e03262ab796d986f978f79c943fc5f620381be7287148b8010b4097f79a39ec",
                "sha256:0e5b2671f05ba48b94cb90ce55d8bdcaaedb8ba00cc5359f6810fc918713983d",
                "sha256:0e6116757f7959a712db11f3e9c0a99ade00a5bbedae83cb801985aa154f071b",
                "sha256:0fb2d542b4d66f9470e8065c5469ec676978d625a8b7a363f07d9a501a9cb36a",
                "sha256:1082dd3e2d7109ad8b7da48e1d4710c8d06c253cbc4a27c1cff4fbcaa97a9e3f",
                "sha256:1a8695a8d00c73e50bff9dfda4d540b7dee29ff9b8053e38380426a85ef10052",
                "sha256:1e063337ef9e9820c77acc768546325ebe04ee38b08703244c1309cccc4f1bab",
                "sha256:1ea40a64d23faa25e62a70ad163571c0b342b8bf66d5fa612ac0dec4f069d916",
                "sha256:2058a32994f1fde4ca0480ab9d1e75a0e8c87c22b53a3ae66554f9af78f2fe8c",
                "sha256:235f45e5dbcccf6bd99f9f472858849f73d11120d76ea8707115415f8e5ebebf",
                "sha256:2807668ba86cb38c6817ad9bc66215ab8584d1d304030ce4f0887336f28a5e27",
                "sha256:2b0a451c263b01acebe51895bfb0e1cc842a5c666efe06cdf13846c7418caa9a",
                "sha256:2b3d326aaef0c0399d9afffeb6367d5e26ddc24d351dbc9c636840ac355dc5d8",
                "sha256:2bfb5112df54209d820d7bf9317c7a6c9025ea52e49f46b6a2060104bba37de7",
                "sha256:2f82865531efd18d6e07a04a17331af02cb7a651583c418df8266f17a63c6612",
                "sha256:329467cecfb529c925cf2bbd4d60d2c509bc2fb52a20c1045bf09bb70971a9c1",
                "sha256:3a1c81334778f9e3af2f8aeb7a960736e5cab1dfebfb26aabca09afd2906c039",
                "sha256:3abcd9392a36025e3bd55f9bd38d908bd17962cc49bc6da8e7e96285336e2bca",
                "sha256:3c6db6e52c6d70aa0d00d45cdb9b40f0433b96380071ea80b09277dba021ddf7",
                "sha256:3dc625f4aa79713512d1976fe9f0bc99f706a9dee21dfd1810b4bbbf228d0e8a",
                "sha256:3eb3fe62804e8f859c49ed20a8451342de53ed764150cb14ca71357c765dc2a6",
                "sha256:44857c3227d3fb5e753d5fe4a3420d6376fa594b07b621e220cd93703fe21782",
                "sha256:4b25d91e288e2c4e0662b8038a28c6a07eaac3e196cfc4ff69de4ea3db992a1b",
                "sha256:4c5b0a576fb381edd6d27f0a85915c6daf2f8138dc5c267a57c08a62900758c7",
                "sha256:4e61206137cbc65e6d5256e1166f88331d3b6238e082d9f74613b9b765fb9025",
                "sha256:52fb90784e0a242bb96ec53f42196a17278855b0f31ac7c3cc6f5c1ec4811849",
                "sha256:53a57d2ed685940a504248187d5685e49eb5eef0f696853647bf37c418c538f7",
                "sha256:572c7e6c8bb4774d2ac88929e3d1f12bc45714ae5ee6d9a788a9fb35e60bb04b",
                "sha256:5c4aa4e82353f65e548c476b37e64189783aa5384903bfea4f41580f255fddfa",
                "sha256:5c92edd15cd58b3c2d34873597a1e20f13094f59cf88068adb18947df5455b4e",
                "sha256:5f483cfb75ff703095c59e365360cb73e00185e01aaea067cd19acffd2ab20ea",
                "sha256:61c18fba8e5e9db3ab908620af374db0ac1baa69f0f32df4f61ae23f15e586ac",
                "sha256:6368900c2d3ef09b69cb0b913f9f8263b03786e5b2a387706c5afb66800efd51",
                "sha256:64632ff9d614e5eecfb495796ad51b0ed98c453e447a76bcbeeb69615079fc7e",
                "sha256:65132b7b4a1c0beded5e057324b7e16e10910c106d43675d9bd87d4f38dde162",
                "sha256:6b99022f1d19bc32a4c2a0d544fc9a76e3be90f0b3f4af413f87d38749300e65",
                "sha256:6bdfe4b3789761f3bcb4b1ddf33355a71079858958e3a552f16d5af19768fef2",
                "sha256:6fa6dfc3e4d1f734a34710f391ae822e0a8eb8559a85c6979e14e65ee6ba2954",
                "sha256:73662edf539e72a9440129f231ed3757faab89630d291b784ca99237fb94db2b",
                "sha256:73cf6373c21bc80b2e0dc88444f41ae60b2f070ed02095754eb5a01df12256de",
                "sha256:7cb8bc3605c29176e1b105350d2e6474142d7c1bd1d9327c4a9bdb46bf827acc",
                "sha256:7f92c15cd1e97d4b12acd1cc9004fa092578acfa57b67ad5e43a197175d01a64",
                "sha256:82f68293f055f51b51ea42fafc74b6aad03e70e191799430b90c13d643059ebb",
                "sha256:83aa99b1285bc8f038941ddf598501a86f1536789740991d7d8756e34f1e74d9",
                "sha256:87acbfcf8e90ca885206e98359d7dca4bcbb35abdc0ff66672a293e1d7a19101",
                "sha256:87b31b6846e361ef83fedb187bb5b4372d0da3f7e28d85415efa92d6125d6e6d",
                "sha256:881b21b5549499972441da4758d662aeea93f1923f953e9cbaff14b8b9565aef",
                "sha256:8d55ab81c57b8ff8548c3e4947f119551253f4e3787a7bbc0b6b3ca47498a9d3",
                "sha256:8f57a69461af2a5fa6e6bbd7a5f60d3b7e6cebb687f55106933188e79ad155c1",
                "sha256:95237e53bb015f67b63c91af7518a62a8660376a6a0db19b89acc77a4d6199f5",
                "sha256:96081f1605125ba0855dfda83f6f3df5ec90c61195421ba72223de35ccfb2f88",
                "sha256:970919794d126ba8645f3837ab6046fb4e72bbc057b3709144066204c19a455d",
                "sha256:9cb1da0f5a471435a7bc7e439b8a728e8b61e59784b2af70d7c169f8dd8ae290",
                "sha256:9fcd347d2cc5c23b06de6d3b7b8275be558a0c90549495c699e379a80bf8379e",
                "sha256:9fdac5d6ffa1b5a83bca06ffe7583f5576555e6c8b3a91fbd25ea7780f825f7d",
                "sha256:a11c8d26a50bfab49002947d3d237abe4d9e4b5bdc8846a63537b6488e197808",
                "sha256:a144d4f717285c6d9234a66778059f33a89096dfb9b39117663fd8413d582dcc",
                "sha256:a2b911a5b90e0374d03813674bf0a5fbbb7741570dcd4b4e85a2e48d17def29d",
                "sha256:a7ec89dc587667f22b6a0b6579c249fca9026ce7c333fc142ba42411fa243cdc",
                "sha256:aa9d91b338f2df0508606f7009fde642391425189bba6d8c653afd80fd6bb64e",
                "sha256:b0379a2b24882fef529ec3b4987cb5d003b9cda32256024e6fe1586ac45fc640",
                "sha256:bc7aee6f634a6f4a95676fcb5d6559a2c2a390330098dba5e5a5f28a2e4ada30",
                "sha256:bdc25f3681f7b78572699569514036afe3c243bc3059d3942624e936ec93450e",
                "sha256:c083a3bdd5a93dfe480f1125926afcdbf2917ae714bdb80b36d34318b2bec5d9",
                "sha256:c20c462aa4434b33a2661701b861604913f912254e441ab8d78d30485736115a",
                "sha256:c2fc0a768ef76c15ab9238afa6da7f69895bb5d1ee83aeea2e3509af4472d0b9",
                "sha256:c52b02ad8b4e2cf14ca7b3d918f3eb0ee91e63b3167c32591e57c4317e134f8f",
                "sha256:c54c939ee22dc8e2d545da79fc5381f1c020d6d3141d3bd747eab59164dc89fb",
                "sha256:c8e7af2f4e0194c22b5b37205bfb293d166a7344a5b0d0eaccebc376546d77d5",
                "sha256:cca3868ddfaccfbc4bfb1d608e2ccaaebe0ae628e1416aeb9c4d88c001bb45ab",
                "sha256:d3f26877a748dc4251cfcfda9dfb5f13fcb034f5308388066bcfe9031b63ae7d",
                "sha256:d53b22f2032c42eaaf025f7c40c2e3b94568ae077a606f006d206a463bc69572",
                "sha256:d87c561733f66531dced0da6e864f44ebf89a8fba55f31407b00c2f7f9449593",
                "sha256:d946c8bf0d5c24bf4fe333af284c59a19358aa3ec18cb3dc4370080da1e8ad29",
                "sha256:dac89aea9af8cd672fa7b510e7b8c33b0bba9a43186680550ccf23020f32d535",
                "sha256:db4b41f9bd95fbe5acd76d89920336ba96f03e149097365afe1cb092fceb89a1",
                "sha256:dc46a01bf8d62f227d5ecee74178ffc448ff4e5197c756331f71efcc66dc980f",
                "sha256:dd14041875d09cc0f9308e37a6f8b65f5585cf2598a53aa0123df8b129d481f8",
                "sha256:de4b83bb311557e439b9e186f733f6c645b9417c84e2eb8203f3f820a4b988bf",
                "sha256:e799c050df38a639db758c617ec771fd8fb7a5f8eaaa4b27b101f266b216a246",
                "sha256:e80b087132752f6b3d714f041ccf74403799d3b23a72722ea2e6ba2e892555b9",
                "sha256:eb8c529b2819c37140eb51b914153063d27ed88e3bdc31b71198a198e921e011",
                "sha256:eb9b459ca4df0e5c87deb59d37377461a538852765293f9e6ee834f0435a93b9",
                "sha256:efec8db3266b76ef9607c2c4c419bdb06bf335ae433b80816089ea7585816f6a",
                "sha256:f481959862f57f29601ccced557cc2e817bce7533ab8e01a797a48b49c9692b3",
                "sha256:f517ca031dfc037a9c07e748cefd8d96235088b83b4f4ba8939105d20fa1dcd6",
                "sha256:f889f7a40498cc077332c7ab6b4608d296d852182211787d4f3ee377aaae66e8",
                "sha256:f8de619080e944347f5f20de29a975c2d815d9ddd8be9b9b7268e2e3ef68605a",
                "sha256:f941635f2a3d96b2973e867144fde513665c87f13fe0e193c158ac51bfaaa7b2",
                "sha256:fa754d1850735a0b0e03bcffd9d4b4343eb417e47196e4485d9cca326073a42c",
                "sha256:fa854f5cf7e33842a892e5c73f45327760bc7bc516339fda888c75ae60edaeb6",
                "sha256:fe5b32187cbc0c862ee201ad66c30cf218e5ed468ec8dc1cf49dec66e160cc4d"
            ],
            "index": "pypi",
            "markers": "python_version >= '3.9'",
            "version": "==2.33.2"
        },
        "pyreadline3": {
            "hashes": [
                "sha256:8d57d53039a1c75adba8e50dd3d992b28143480816187ea5efbd5c78e6c885b7",
                "sha256:eaf8e6cc3c49bcccf145fc6067ba8643d1df34d604a1ec0eccbf7a18e6d3fae6"
            ],
            "markers": "python_version >= '3.8'",
            "version": "==3.5.4"
        },
        "python-dotenv": {
            "hashes": [
                "sha256:31f23644fe2602f88ff55e1f5c79ba497e01224ee7737937930c448e4d0e24dc",
                "sha256:a8a6399716257f45be6a007360200409fce5cda2661e3dec71d23dc15f6189ab"
            ],
            "index": "pypi",
            "markers": "python_version >= '3.9'",
            "version": "==1.1.1"
        },
        "sqlparse": {
            "hashes": [
                "sha256:09f67787f56a0b16ecdbde1bfc7f5d9c3371ca683cfeaa8e6ff60b4807ec9272",
                "sha256:cf2196ed3418f3ba5de6af7e82c694a9fbdbfecccdfc72e281548517081f16ca"
            ],
            "markers": "python_version >= '3.8'",
            "version": "==0.5.3"
        },
        "sympy": {
            "hashes": [
                "sha256:d3d3fe8df1e5a0b42f0e7bdf50541697dbe7d23746e894990c030e2b05e72517",
                "sha256:e091cc3e99d2141a0ba2847328f5479b05d94a6635cb96148ccb3f34671bd8f5"
            ],
            "markers": "python_version >= '3.9'",
            "version": "==1.14.0"
        },
        "typing-extensions": {
            "hashes": [
                "sha256:0cea48d173cc12fa28ecabc3b837ea3cf6f38c6d1136f85cbaaf598984861466",
                "sha256:f0fa19c6845758ab08074a0cfa8b7aecb71c999ca73d62883bc25cc018c4e548"
            ],
            "markers": "python_version >= '3.9'",
            "version": "==4.15.0"
        },
        "typing-inspection": {
            "hashes": [
                "sha256:4ed1cacbdc298c220f1bd249ed5287caa16f34d44ef4e9c3d0cbad5b521545e7",
                "sha256:ba561c48a67c5958007083d386c3295464928b01faa735ab8547c5692e87f464"
            ],
            "markers": "python_version >= '3.9'",
            "version": "==0.4.2"
        },
        "tzdata": {
            "hashes": [
                "sha256:1a403fada01ff9221ca8044d701868fa132215d84beb92242d9acd2147f667a8",
                "sha256:b60a638fcc0daffadf82fe0f57e53d06bdec2f36c4df66280ae79bce6bd6f2b9"
            ],
            "markers": "python_version >= '2'",
            "version": "==2025.2"
        }
    },
    "develop": {}
}
