{
    "_meta": {
        "hash": {
            "sha256": "5c9d8f6cfaf270e052d896eaea29d1846101b18d8b26cd5c92589df153a5549b"
        },
        "pipfile-spec": 6,
        "requires": {
            "python_version": "3.11.8"
        },
        "sources": [
            {
                "name": "pypi",
                "url": "https://pypi.org/simple",
                "verify_ssl": true
            }
        ]
    },
    "default": {
        "annotated-types": {
            "hashes": [
                "sha256:1f02e8b43a8fbbc3f3e0d4f0f4bfc8131bcb4eebe8849b8e5c773f3a1c582a53",
                "sha256:aff07c09a53a08bc8cfccb9c85b05f1aa9a2a6f23728d790723543408344ce89"
            ],
            "markers": "python_version >= '3.8'",
            "version": "==0.7.0"
        },
        "asgiref": {
            "hashes": [
                "sha256:3e1e3ecc849832fe52ccf2cb6686b7a55f82bb1d6aee72a58826471390335e47",
                "sha256:c343bd80a0bec947a9860adb4c432ffa7db769836c64238fc34bdc3fec84d590"
            ],
            "markers": "python_version >= '3.8'",
            "version": "==3.8.1"
        },
        "click": {
            "hashes": [
                "sha256:ae74fb96c20a0277a1d615f1e4d73c8414f5a98db8b799a7931d1582f3390c28",
                "sha256:ca9853ad459e787e2192211578cc907e7594e294c7ccc834310722b41b9ca6de"
            ],
            "markers": "python_version >= '3.7'",
            "version": "==8.1.7"
        },
        "colorama": {
            "hashes": [
                "sha256:08695f5cb7ed6e0531a20572697297273c47b8cae5a63ffc6d6ed5c201be6e44",
                "sha256:4f1d9991f5acc0ca119f9d443620b77f9d6b33703e51011c16baf57afb285fc6"
            ],
            "markers": "platform_system == 'Windows'",
            "version": "==0.4.6"
        },
        "coloredlogs": {
            "hashes": [
                "sha256:612ee75c546f53e92e70049c9dbfcc18c935a2b9a53b66085ce9ef6a6e5c0934",
                "sha256:7c991aa71a4577af2f82600d8f8f3a89f936baeaf9b50a9c197da014e5bf16b0"
            ],
            "markers": "python_version >= '2.7' and python_version not in '3.0, 3.1, 3.2, 3.3, 3.4'",
            "version": "==15.0.1"
        },
        "django": {
            "hashes": [
                "sha256:8363ac062bb4ef7c3f12d078f6fa5d154031d129a15170a1066412af49d30905",
                "sha256:ff1b61005004e476e0aeea47c7f79b85864c70124030e95146315396f1e7951f"
            ],
            "index": "pypi",
            "markers": "python_version >= '3.10'",
            "version": "==5.0.6"
        },
        "django-ninja": {
            "hashes": [
                "sha256:6330c3497061d9fd1f43c1200f85c13aab7687110e2899f8304e5aa476c10b44",
                "sha256:87bff046416a2653ed2fbef1408e101292bf8170684821bac82accfd73bef059"
            ],
            "index": "pypi",
            "markers": "python_version >= '3.7'",
            "version": "==1.1.0"
        },
        "flatbuffers": {
            "hashes": [
                "sha256:8dbdec58f935f3765e4f7f3cf635ac3a77f83568138d6a2311f524ec96364812",
                "sha256:de2ec5b203f21441716617f38443e0a8ebf3d25bf0d9c0bb0ce68fa00ad546a4"
            ],
            "version": "==24.3.25"
        },
        "granian": {
            "hashes": [
                "sha256:01c30a5b1224f221d397bd468997a0b316ce746fb06d8405d43472390af2ea26",
                "sha256:033ec86b61761fad0604455bb85d505d688c764e8c957ac52a92100d86bf9c44",
                "sha256:038fb6ddd90d722339ed99f60b5d6c2d5c1e36d1021c199dba7fa41c37e48271",
                "sha256:03f8f244ba7dabfe8b5b94727249d3e030e72dd269cbbafde52e0be4671582e4",
                "sha256:07c261edf1218bd812f47210764df451c3d094231317eadc447fb7184cee0a42",
                "sha256:0c94fe0f1f2d25c107ed7a6572c812ac518f035982e8b8cb8f1da514b30e7a09",
                "sha256:1149fb4b86a1412f9641a7c2c7a1bb580ada13a0a19fcf5ee4411f4c1b134620",
                "sha256:1291e441b6d727c91f9f41af40d479f6013932ad0ec31ccba6789753dc4806f7",
                "sha256:15eb3456e685d7020d1cd855d5420c1dc4f1131ba4ee17ce7f2e226308aa441f",
                "sha256:16fcb58e3625b0e13b5ff953de1cb3ab8ead46defc13ffad0fe142a011f688bd",
                "sha256:18095f8952a6dbb55c02f47c472af7f90b3cc45bef4302a95803e7f056bc228d",
                "sha256:18d173e49063d559c6a509f34f148102605da52fb582f59b9543b8b60d54e092",
                "sha256:1b0d6ebd5a71f1d94d0345bb3daf6ce1fa4c3e9847a04ecb67596ce89ff75fcc",
                "sha256:20c8c2774c1f678b2ebf4ef9103f4ef9b650cf48e7ad58409ba651569785e500",
                "sha256:2133b3899a53497e966c8fb35b6b9c0417f5127da26327bad5b48d578fa721f8",
                "sha256:24f7b47b77b54265d5e032104ddfa5d6ac9491a242d2774decebb57f84054cbb",
                "sha256:2b8b3f2a7bfd6b1567d40470907ffcaa0cf04cf0dbb26a4cb1719d9f1bf0ff60",
                "sha256:2c4daf4d8cb8001585967239478d38af2b5a8ed57fbefae1010fa1b0685443db",
                "sha256:2d79b3a26da9e72f630010e99672c50cb2c98650861ee19f57853627c1108bbf",
                "sha256:2ee168644f26bca80b2ae876c26cb0556f4055f5c51c839181a9fdc50dd6a387",
                "sha256:3401b78e1a7f3d499eca2c45e251f667a646876ba758e72224fd499833792ea9",
                "sha256:3c38d9515c354e9cfd439880cc458293fd37d3724d9b0ca0d99c97f3fdc4d07c",
                "sha256:3e40e01fd22f664597cc6a0c3a5958953cffb4554e7e3a053862240b39fd205d",
                "sha256:4097d479410ad483782dc93f26825117db00c209d1bbb883504f6072b05effcd",
                "sha256:434fd0fda32eec1fddb53572cdc49fbb02cc33fb2232938f182de116df1806c4",
                "sha256:4b2ee3452706ea3a09df0010f06564a52ac7cba8a93d0dfc66d40ad6ceca2936",
                "sha256:533a3211657060d6ff1599e749edc15bd841f853bc6336b5df3b31064c0c3085",
                "sha256:5b70f204bce5dc1f15ae93bb8f84d9cda52ac7e54e84124575def85861a5ed25",
                "sha256:5f097390692598e2c9847b2b7add890648793065420c0a5e077dfb12af831c8d",
                "sha256:75ea2866868a12fde2ba17dd0a3c141d922ee9ec536ee8ef3128cd977eea0402",
                "sha256:77d00ace994f8b6f3ff3fdcbfde31616a6b411101eb06018ea9215bb2ffcda88",
                "sha256:7f17267296a451cd0084f77a273e9d9c4e74c2d80006082227ae383cd2df706e",
                "sha256:899f5be6eeca6b948237bef82b1359e71f1259805b5a35b12b185746e8cb3603",
                "sha256:9874f5c27f470d641bd08008341b9679e44100627e9de42fc76f59c7baf0f292",
                "sha256:9d1e15f16107a7d17f68196faf64cd4ee0826568f08579398bf2e8a62712b04b",
                "sha256:9e4531eae8cf54bc1eb9caedb5ff52fa3104e88ff2ff7a23a9298bb4853c5fc8",
                "sha256:9f22674a9fa18f3d35223b1d4811e8809c6ad3801de8b665e43d0ead7a4824d1",
                "sha256:a6fe73ab2b2caf21851ae5325106e428c512699981d681222b5f0115005d9712",
                "sha256:abec05894faa21a98123efa517c401e809b52ffc97fdf5837d17ed8e253b9eed",
                "sha256:ad596954a608f7c2cc9dab9906a7ddc8f6902c5cd902c56878d26693fb2a7db4",
                "sha256:b0bd5feed099f9e109533c3365f22a33ea934b3d2c7d40df6839a72058fef7dc",
                "sha256:b741bf880975f9dfafa89f46276b498d4559d49089245087be024e1af3a15db4",
                "sha256:bcf0d5a88dc6787e5164d1cae0ff9caf5e546e8e3c0e87a72266f34233a95886",
                "sha256:bdb5067bea0cafb3086e7db35c6cddbb62c2545e9c6bb2537e1e9cc5c7b5cc01",
                "sha256:bf0a2be582ae40af97acaf315fd87852524b384d768aef48eec49e86e0ab6804",
                "sha256:c952770a7392abe8a04e7e57573cde3cc6d174e73f01574e68b25c10428292c0",
                "sha256:c998c2c60179e58594ed363c2f275f39dc8c4bf63092ff8ea4ee8c2b63f40ae6",
                "sha256:cd4c8175a13ffb9eb8c8174ff02fdb1295d025a012869eb6a94801d28924407e",
                "sha256:ce16ebf7f6ac4c38eefa766f719cd54062731f1590800621deea2447b0a13614",
                "sha256:ce30397b84f49a1682ed6221c76db7e91c8c2e6b795a2fab962552cb3154f734",
                "sha256:d360213759412aa68cc13c0ba65bed69114fb3e9b73bbf1121e28fe7dfcb727a",
                "sha256:d5dce5ff5bcd17aa30fd3f78751bcf30d65316895295e6f0cc66dd8325b23201",
                "sha256:db1a8bd5951739d49deb0fd9ba68d285c3c1d01fbe9b83696ec2b92cffdedb70",
                "sha256:db97cc6244ce6fbb2f970d29cac9cf21215de57678f4eb87824dc4a96afbd9ca",
                "sha256:ed75048099f8a5c67fe630bfa6314f0162dad44f28e6931900f3454cec95b275",
                "sha256:eeb20294c5ec7bed12db10396e6014a40fd8f2ae9c18fcdb041868e0b913bec3",
                "sha256:ff9f1132619da56d9a83ff3011f2d882fc5ebfe38f2fbca62cae19947a635732"
            ],
            "index": "pypi",
            "markers": "python_version >= '3.8'",
            "version": "==1.4.2"
        },
        "humanfriendly": {
            "hashes": [
                "sha256:1697e1a8a8f550fd43c2865cd84542fc175a61dcb779b6fee18cf6b6ccba1477",
                "sha256:6b0b831ce8f15f7300721aa49829fc4e83921a9a301cc7f606be6686a2288ddc"
            ],
            "markers": "python_version >= '2.7' and python_version not in '3.0, 3.1, 3.2, 3.3, 3.4'",
            "version": "==10.0"
        },
        "magika": {
            "hashes": [
                "sha256:43dc1153a1637327225a626a1550c0a395a1d45ea33ec1f5d46b9b080238bee0",
                "sha256:a4d1f64f71460f335841c13c3d16cfc2cb21e839c1898a1ae9bd5adc8d66cb2b"
            ],
            "index": "pypi",
            "markers": "python_version < '3.13' and python_version >= '3.8'",
            "version": "==0.5.1"
        },
        "mpmath": {
            "hashes": [
                "sha256:7a28eb2a9774d00c7bc92411c19a89209d5da7c4c9a9e227be8330a23a25b91f",
                "sha256:a0b2b9fe80bbcd81a6647ff13108738cfb482d481d826cc0e02f5b35e5c88d2c"
            ],
            "version": "==1.3.0"
        },
        "numpy": {
            "hashes": [
                "sha256:03a8c78d01d9781b28a6989f6fa1bb2c4f2d51201cf99d3dd875df6fbd96b23b",
                "sha256:08beddf13648eb95f8d867350f6a018a4be2e5ad54c8d8caed89ebca558b2818",
                "sha256:1af303d6b2210eb850fcf03064d364652b7120803a0b872f5211f5234b399f20",
                "sha256:1dda2e7b4ec9dd512f84935c5f126c8bd8b9f2fc001e9f54af255e8c5f16b0e0",
                "sha256:2a02aba9ed12e4ac4eb3ea9421c420301a0c6460d9830d74a9df87efa4912010",
                "sha256:2e4ee3380d6de9c9ec04745830fd9e2eccb3e6cf790d39d7b98ffd19b0dd754a",
                "sha256:3373d5d70a5fe74a2c1bb6d2cfd9609ecf686d47a2d7b1d37a8f3b6bf6003aea",
                "sha256:47711010ad8555514b434df65f7d7b076bb8261df1ca9bb78f53d3b2db02e95c",
                "sha256:4c66707fabe114439db9068ee468c26bbdf909cac0fb58686a42a24de1760c71",
                "sha256:50193e430acfc1346175fcbdaa28ffec49947a06918b7b92130744e81e640110",
                "sha256:52b8b60467cd7dd1e9ed082188b4e6bb35aa5cdd01777621a1658910745b90be",
                "sha256:60dedbb91afcbfdc9bc0b1f3f402804070deed7392c23eb7a7f07fa857868e8a",
                "sha256:62b8e4b1e28009ef2846b4c7852046736bab361f7aeadeb6a5b89ebec3c7055a",
                "sha256:666dbfb6ec68962c033a450943ded891bed2d54e6755e35e5835d63f4f6931d5",
                "sha256:675d61ffbfa78604709862923189bad94014bef562cc35cf61d3a07bba02a7ed",
                "sha256:679b0076f67ecc0138fd2ede3a8fd196dddc2ad3254069bcb9faf9a79b1cebcd",
                "sha256:7349ab0fa0c429c82442a27a9673fc802ffdb7c7775fad780226cb234965e53c",
                "sha256:7ab55401287bfec946ced39700c053796e7cc0e3acbef09993a9ad2adba6ca6e",
                "sha256:7e50d0a0cc3189f9cb0aeb3a6a6af18c16f59f004b866cd2be1c14b36134a4a0",
                "sha256:95a7476c59002f2f6c590b9b7b998306fba6a5aa646b1e22ddfeaf8f78c3a29c",
                "sha256:96ff0b2ad353d8f990b63294c8986f1ec3cb19d749234014f4e7eb0112ceba5a",
                "sha256:9fad7dcb1aac3c7f0584a5a8133e3a43eeb2fe127f47e3632d43d677c66c102b",
                "sha256:9ff0f4f29c51e2803569d7a51c2304de5554655a60c5d776e35b4a41413830d0",
                "sha256:a354325ee03388678242a4d7ebcd08b5c727033fcff3b2f536aea978e15ee9e6",
                "sha256:a4abb4f9001ad2858e7ac189089c42178fcce737e4169dc61321660f1a96c7d2",
                "sha256:ab47dbe5cc8210f55aa58e4805fe224dac469cde56b9f731a4c098b91917159a",
                "sha256:afedb719a9dcfc7eaf2287b839d8198e06dcd4cb5d276a3df279231138e83d30",
                "sha256:b3ce300f3644fb06443ee2222c2201dd3a89ea6040541412b8fa189341847218",
                "sha256:b97fe8060236edf3662adfc2c633f56a08ae30560c56310562cb4f95500022d5",
                "sha256:bfe25acf8b437eb2a8b2d49d443800a5f18508cd811fea3181723922a8a82b07",
                "sha256:cd25bcecc4974d09257ffcd1f098ee778f7834c3ad767fe5db785be9a4aa9cb2",
                "sha256:d209d8969599b27ad20994c8e41936ee0964e6da07478d6c35016bc386b66ad4",
                "sha256:d5241e0a80d808d70546c697135da2c613f30e28251ff8307eb72ba696945764",
                "sha256:edd8b5fe47dab091176d21bb6de568acdd906d1887a4584a15a9a96a1dca06ef",
                "sha256:f870204a840a60da0b12273ef34f7051e98c3b5961b61b0c2c1be6dfd64fbcd3",
                "sha256:ffa75af20b44f8dba823498024771d5ac50620e6915abac414251bd971b4529f"
            ],
            "markers": "python_version < '3.13' and python_version >= '3.9'",
            "version": "==1.26.4"
        },
        "onnxruntime": {
            "hashes": [
                "sha256:0284c579c20ec8b1b472dd190290a040cc68b6caec790edb960f065d15cf164a",
                "sha256:15b944623b2cdfe7f7945690bfb71c10a4531b51997c8320b84e7b0bb59af902",
                "sha256:1f45ca2887f62a7b847d526965686b2923efa72538c89b7703c7b3fe970afd59",
                "sha256:1fa175bd43f610465d5787ae06050c81f7ce09da2bf3e914eb282cb8eab363ef",
                "sha256:2c7fd86eca727c989bb8d9c5104f3c45f7ee45f445cc75579ebe55d6b99dfd7c",
                "sha256:2e61ce5005118064b1a0ed73ebe936bc773a102f067db34108ea6c64dd62a179",
                "sha256:3d24bd623872a72a7fe2f51c103e20fcca2acfa35d48f2accd6be1ec8633d960",
                "sha256:46de6031cb6745f33f7eca9e51ab73e8c66037fb7a3b6b4560887c5b55ab5d5d",
                "sha256:47af3f803752fce23ea790fd8d130a47b2b940629f03193f780818622e856e7a",
                "sha256:498d2b8380635f5e6ebc50ec1b45f181588927280f32390fb910301d234f97b8",
                "sha256:5a3b7993a5ecf4a90f35542a4757e29b2d653da3efe06cdd3164b91167bbe10d",
                "sha256:6ffb445816d06497df7a6dd424b20e0b2c39639e01e7fe210e247b82d15a23b9",
                "sha256:71ed219b768cab004e5cd83e702590734f968679bf93aa488c1a7ffbe6e220c3",
                "sha256:8614733de3695656411d71fc2f39333170df5da6c7efd6072a59962c0bc7055c",
                "sha256:885509d2b9ba4b01f08f7fa28d31ee54b6477953451c7ccf124a84625f07c803",
                "sha256:9153eb2b4d5bbab764d0aea17adadffcfc18d89b957ad191b1c3650b9930c59f",
                "sha256:99e8caf3a8565c853a22d323a3eebc2a81e3de7591981f085a4f74f7a60aab2d",
                "sha256:9e24d9ecc8781323d9e2eeda019b4b24babc4d624e7d53f61b1fe1a929b0511a",
                "sha256:a4fc8a2a526eb442317d280610936a9f73deece06c7d5a91e51570860802b93f",
                "sha256:ac67a4de9c1326c4d87bcbfb652c923039b8a2446bb28516219236bec3b494f5",
                "sha256:ba7cc0ce2798a386c082aaa6289ff7e9bedc3dee622eef10e74830cff200a72e",
                "sha256:d47353d036d8c380558a5643ea5f7964d9d259d31c86865bad9162c3e916d1f6",
                "sha256:f15e41ca9b307a12550bfd2ec93f88905d9fba12bab7e578f05138ad0ae10d7b",
                "sha256:f1d79941f15fc40b1ee67738b2ca26b23e0181bf0070b5fb2984f0988734698f",
                "sha256:f8608398976ed18aef450d83777ff6f77d0b64eced1ed07a985e1a7db8ea3771"
            ],
            "version": "==1.18.0"
        },
        "packaging": {
            "hashes": [
                "sha256:026ed72c8ed3fcce5bf8950572258698927fd1dbda10a5e981cdf0ac37f4f002",
                "sha256:5b8f2217dbdbd2f7f384c41c628544e6d52f2d0f53c6d0c3ea61aa5d1d7ff124"
            ],
            "markers": "python_version >= '3.8'",
            "version": "==24.1"
        },
        "protobuf": {
            "hashes": [
                "sha256:25236b69ab4ce1bec413fd4b68a15ef8141794427e0b4dc173e9d5d9dffc3bcd",
                "sha256:39309898b912ca6febb0084ea912e976482834f401be35840a008da12d189340",
                "sha256:3adc15ec0ff35c5b2d0992f9345b04a540c1e73bfee3ff1643db43cc1d734333",
                "sha256:4ac7249a1530a2ed50e24201d6630125ced04b30619262f06224616e0030b6cf",
                "sha256:4e38fc29d7df32e01a41cf118b5a968b1efd46b9c41ff515234e794011c78b17",
                "sha256:7a97b9c5aed86b9ca289eb5148df6c208ab5bb6906930590961e08f097258107",
                "sha256:917ed03c3eb8a2d51c3496359f5b53b4e4b7e40edfbdd3d3f34336e0eef6825a",
                "sha256:df5e5b8e39b7d1c25b186ffdf9f44f40f810bbcc9d2b71d9d3156fee5a9adf15",
                "sha256:dfddb7537f789002cc4eb00752c92e67885badcc7005566f2c5de9d969d3282d",
                "sha256:ee52874a9e69a30271649be88ecbe69d374232e8fd0b4e4b0aaaa87f429f1631",
                "sha256:f6abd0f69968792da7460d3c2cfa7d94fd74e1c21df321eb6345b963f9ec3d8d"
            ],
            "markers": "python_version >= '3.8'",
            "version": "==5.27.1"
        },
        "pydantic": {
            "hashes": [
                "sha256:c46c76a40bb1296728d7a8b99aa73dd70a48c3510111ff290034f860c99c419e",
                "sha256:ea91b002777bf643bb20dd717c028ec43216b24a6001a280f83877fd2655d0b4"
            ],
            "markers": "python_version >= '3.8'",
            "version": "==2.7.3"
        },
        "pydantic-core": {
            "hashes": [
                "sha256:01dd777215e2aa86dfd664daed5957704b769e726626393438f9c87690ce78c3",
                "sha256:0eb2a4f660fcd8e2b1c90ad566db2b98d7f3f4717c64fe0a83e0adb39766d5b8",
                "sha256:0fbbdc827fe5e42e4d196c746b890b3d72876bdbf160b0eafe9f0334525119c8",
                "sha256:123c3cec203e3f5ac7b000bd82235f1a3eced8665b63d18be751f115588fea30",
                "sha256:14601cdb733d741b8958224030e2bfe21a4a881fb3dd6fbb21f071cabd48fa0a",
                "sha256:18f469a3d2a2fdafe99296a87e8a4c37748b5080a26b806a707f25a902c040a8",
                "sha256:19894b95aacfa98e7cb093cd7881a0c76f55731efad31073db4521e2b6ff5b7d",
                "sha256:1b4de2e51bbcb61fdebd0ab86ef28062704f62c82bbf4addc4e37fa4b00b7cbc",
                "sha256:1d886dc848e60cb7666f771e406acae54ab279b9f1e4143babc9c2258213daa2",
                "sha256:1f4d26ceb5eb9eed4af91bebeae4b06c3fb28966ca3a8fb765208cf6b51102ab",
                "sha256:21a5e440dbe315ab9825fcd459b8814bb92b27c974cbc23c3e8baa2b76890077",
                "sha256:293afe532740370aba8c060882f7d26cfd00c94cae32fd2e212a3a6e3b7bc15e",
                "sha256:2f5966897e5461f818e136b8451d0551a2e77259eb0f73a837027b47dc95dab9",
                "sha256:2fd41f6eff4c20778d717af1cc50eca52f5afe7805ee530a4fbd0bae284f16e9",
                "sha256:2fdf2156aa3d017fddf8aea5adfba9f777db1d6022d392b682d2a8329e087cef",
                "sha256:3c40d4eaad41f78e3bbda31b89edc46a3f3dc6e171bf0ecf097ff7a0ffff7cb1",
                "sha256:43d447dd2ae072a0065389092a231283f62d960030ecd27565672bd40746c507",
                "sha256:44a688331d4a4e2129140a8118479443bd6f1905231138971372fcde37e43528",
                "sha256:44c7486a4228413c317952e9d89598bcdfb06399735e49e0f8df643e1ccd0558",
                "sha256:44cd83ab6a51da80fb5adbd9560e26018e2ac7826f9626bc06ca3dc074cd198b",
                "sha256:46387e38bd641b3ee5ce247563b60c5ca098da9c56c75c157a05eaa0933ed154",
                "sha256:4701b19f7e3a06ea655513f7938de6f108123bf7c86bbebb1196eb9bd35cf724",
                "sha256:4748321b5078216070b151d5271ef3e7cc905ab170bbfd27d5c83ee3ec436695",
                "sha256:4b06beb3b3f1479d32befd1f3079cc47b34fa2da62457cdf6c963393340b56e9",
                "sha256:4d0dcc59664fcb8974b356fe0a18a672d6d7cf9f54746c05f43275fc48636851",
                "sha256:4e99bc050fe65c450344421017f98298a97cefc18c53bb2f7b3531eb39bc7805",
                "sha256:509daade3b8649f80d4e5ff21aa5673e4ebe58590b25fe42fac5f0f52c6f034a",
                "sha256:51991a89639a912c17bef4b45c87bd83593aee0437d8102556af4885811d59f5",
                "sha256:53db086f9f6ab2b4061958d9c276d1dbe3690e8dd727d6abf2321d6cce37fa94",
                "sha256:564d7922e4b13a16b98772441879fcdcbe82ff50daa622d681dd682175ea918c",
                "sha256:574d92eac874f7f4db0ca653514d823a0d22e2354359d0759e3f6a406db5d55d",
                "sha256:578e24f761f3b425834f297b9935e1ce2e30f51400964ce4801002435a1b41ef",
                "sha256:59ff3e89f4eaf14050c8022011862df275b552caef8082e37b542b066ce1ff26",
                "sha256:5f09baa656c904807e832cf9cce799c6460c450c4ad80803517032da0cd062e2",
                "sha256:6891a2ae0e8692679c07728819b6e2b822fb30ca7445f67bbf6509b25a96332c",
                "sha256:6a750aec7bf431517a9fd78cb93c97b9b0c496090fee84a47a0d23668976b4b0",
                "sha256:6f5c4d41b2771c730ea1c34e458e781b18cc668d194958e0112455fff4e402b2",
                "sha256:77450e6d20016ec41f43ca4a6c63e9fdde03f0ae3fe90e7c27bdbeaece8b1ed4",
                "sha256:81b5efb2f126454586d0f40c4d834010979cb80785173d1586df845a632e4e6d",
                "sha256:823be1deb01793da05ecb0484d6c9e20baebb39bd42b5d72636ae9cf8350dbd2",
                "sha256:834b5230b5dfc0c1ec37b2fda433b271cbbc0e507560b5d1588e2cc1148cf1ce",
                "sha256:847a35c4d58721c5dc3dba599878ebbdfd96784f3fb8bb2c356e123bdcd73f34",
                "sha256:86110d7e1907ab36691f80b33eb2da87d780f4739ae773e5fc83fb272f88825f",
                "sha256:8951eee36c57cd128f779e641e21eb40bc5073eb28b2d23f33eb0ef14ffb3f5d",
                "sha256:8a7164fe2005d03c64fd3b85649891cd4953a8de53107940bf272500ba8a788b",
                "sha256:8b8bab4c97248095ae0c4455b5a1cd1cdd96e4e4769306ab19dda135ea4cdb07",
                "sha256:90afc12421df2b1b4dcc975f814e21bc1754640d502a2fbcc6d41e77af5ec312",
                "sha256:938cb21650855054dc54dfd9120a851c974f95450f00683399006aa6e8abb057",
                "sha256:942ba11e7dfb66dc70f9ae66b33452f51ac7bb90676da39a7345e99ffb55402d",
                "sha256:972658f4a72d02b8abfa2581d92d59f59897d2e9f7e708fdabe922f9087773af",
                "sha256:97736815b9cc893b2b7f663628e63f436018b75f44854c8027040e05230eeddb",
                "sha256:98906207f29bc2c459ff64fa007afd10a8c8ac080f7e4d5beff4c97086a3dabd",
                "sha256:99457f184ad90235cfe8461c4d70ab7dd2680e28821c29eca00252ba90308c78",
                "sha256:a0d829524aaefdebccb869eed855e2d04c21d2d7479b6cada7ace5448416597b",
                "sha256:a2fdd81edd64342c85ac7cf2753ccae0b79bf2dfa063785503cb85a7d3593223",
                "sha256:a55b5b16c839df1070bc113c1f7f94a0af4433fcfa1b41799ce7606e5c79ce0a",
                "sha256:a642295cd0c8df1b86fc3dced1d067874c353a188dc8e0f744626d49e9aa51c4",
                "sha256:ab86ce7c8f9bea87b9d12c7f0af71102acbf5ecbc66c17796cff45dae54ef9a5",
                "sha256:abc267fa9837245cc28ea6929f19fa335f3dc330a35d2e45509b6566dc18be23",
                "sha256:ae1d6df168efb88d7d522664693607b80b4080be6750c913eefb77e34c12c71a",
                "sha256:b2ebef0e0b4454320274f5e83a41844c63438fdc874ea40a8b5b4ecb7693f1c4",
                "sha256:b48ece5bde2e768197a2d0f6e925f9d7e3e826f0ad2271120f8144a9db18d5c8",
                "sha256:b7cdf28938ac6b8b49ae5e92f2735056a7ba99c9b110a474473fd71185c1af5d",
                "sha256:bb4462bd43c2460774914b8525f79b00f8f407c945d50881568f294c1d9b4443",
                "sha256:bc4ff9805858bd54d1a20efff925ccd89c9d2e7cf4986144b30802bf78091c3e",
                "sha256:c1322d7dd74713dcc157a2b7898a564ab091ca6c58302d5c7b4c07296e3fd00f",
                "sha256:c67598100338d5d985db1b3d21f3619ef392e185e71b8d52bceacc4a7771ea7e",
                "sha256:ca26a1e73c48cfc54c4a76ff78df3727b9d9f4ccc8dbee4ae3f73306a591676d",
                "sha256:d323a01da91851a4f17bf592faf46149c9169d68430b3146dcba2bb5e5719abc",
                "sha256:dc1803ac5c32ec324c5261c7209e8f8ce88e83254c4e1aebdc8b0a39f9ddb443",
                "sha256:e00a3f196329e08e43d99b79b286d60ce46bed10f2280d25a1718399457e06be",
                "sha256:e85637bc8fe81ddb73fda9e56bab24560bdddfa98aa64f87aaa4e4b6730c23d2",
                "sha256:e858ac0a25074ba4bce653f9b5d0a85b7456eaddadc0ce82d3878c22489fa4ee",
                "sha256:eae237477a873ab46e8dd748e515c72c0c804fb380fbe6c85533c7de51f23a8f",
                "sha256:ebef0dd9bf9b812bf75bda96743f2a6c5734a02092ae7f721c048d156d5fabae",
                "sha256:ec3beeada09ff865c344ff3bc2f427f5e6c26401cc6113d77e372c3fdac73864",
                "sha256:f76d0ad001edd426b92233d45c746fd08f467d56100fd8f30e9ace4b005266e4",
                "sha256:f85d05aa0918283cf29a30b547b4df2fbb56b45b135f9e35b6807cb28bc47951",
                "sha256:f9899c94762343f2cc2fc64c13e7cae4c3cc65cdfc87dd810a31654c9b7358cc"
            ],
            "markers": "python_version >= '3.8'",
            "version": "==2.18.4"
        },
        "pyreadline3": {
            "hashes": [
                "sha256:6f3d1f7b8a31ba32b73917cefc1f28cc660562f39aea8646d30bd6eff21f7bae",
                "sha256:b0efb6516fd4fb07b45949053826a62fa4cb353db5be2bbb4a7aa1fdd1e345fb"
            ],
            "markers": "python_version >= '3.8' and sys_platform == 'win32'",
            "version": "==3.4.1"
        },
        "python-dotenv": {
            "hashes": [
                "sha256:e324ee90a023d808f1959c46bcbc04446a10ced277783dc6ee09987c37ec10ca",
                "sha256:f7b63ef50f1b690dddf550d03497b66d609393b40b564ed0d674909a68ebf16a"
            ],
            "index": "pypi",
            "markers": "python_version >= '3.8'",
            "version": "==1.0.1"
        },
        "sqlparse": {
            "hashes": [
                "sha256:714d0a4932c059d16189f58ef5411ec2287a4360f17cdd0edd2d09d4c5087c93",
                "sha256:c204494cd97479d0e39f28c93d46c0b2d5959c7b9ab904762ea6c7af211c8663"
            ],
            "markers": "python_version >= '3.8'",
            "version": "==0.5.0"
        },
        "sympy": {
            "hashes": [
                "sha256:2877b03f998cd8c08f07cd0de5b767119cd3ef40d09f41c30d722f6686b0fb88",
                "sha256:9b2cbc7f1a640289430e13d2a56f02f867a1da0190f2f99d8968c2f74da0e515"
            ],
            "markers": "python_version >= '3.8'",
            "version": "==1.12.1"
        },
        "tabulate": {
            "hashes": [
                "sha256:0095b12bf5966de529c0feb1fa08671671b3368eec77d7ef7ab114be2c068b3c",
                "sha256:024ca478df22e9340661486f85298cff5f6dcdba14f3813e8830015b9ed1948f"
            ],
            "markers": "python_version >= '3.7'",
            "version": "==0.9.0"
        },
        "tqdm": {
            "hashes": [
                "sha256:b75ca56b413b030bc3f00af51fd2c1a1a5eac6a0c1cca83cbb37a5c52abce644",
                "sha256:e4d936c9de8727928f3be6079590e97d9abfe8d39a590be678eb5919ffc186bb"
            ],
            "markers": "python_version >= '3.7'",
            "version": "==4.66.4"
        },
        "typing-extensions": {
            "hashes": [
                "sha256:04e5ca0351e0f3f85c6853954072df659d0d13fac324d0072316b67d7794700d",
                "sha256:1a7ead55c7e559dd4dee8856e3a88b41225abfe1ce8df57b7c13915fe121ffb8"
            ],
            "markers": "python_version >= '3.8'",
            "version": "==4.12.2"
        },
        "tzdata": {
            "hashes": [
                "sha256:2674120f8d891909751c38abcdfd386ac0a5a1127954fbc332af6b5ceae07efd",
                "sha256:9068bc196136463f5245e51efda838afa15aaeca9903f49050dfa2679db4d252"
            ],
            "markers": "sys_platform == 'win32'",
            "version": "==2024.1"
        }
    },
    "develop": {}
}
