version = 1
requires-python = ">=3.12"
resolution-markers = [
    "python_full_version >= '3.13'",
    "python_full_version < '3.13'",
]

[[package]]
name = "annotated-types"
version = "0.7.0"
source = { registry = "https://pypi.org/simple" }
sdist = { url = "https://files.pythonhosted.org/packages/ee/67/531ea369ba64dcff5ec9c3402f9f51bf748cec26dde048a2f973a4eea7f5/annotated_types-0.7.0.tar.gz", hash = "sha256:aff07c09a53a08bc8cfccb9c85b05f1aa9a2a6f23728d790723543408344ce89", size = 16081 }
wheels = [
    { url = "https://files.pythonhosted.org/packages/78/b6/6307fbef88d9b5ee7421e68d78a9f162e0da4900bc5f5793f6d3d0e34fb8/annotated_types-0.7.0-py3-none-any.whl", hash = "sha256:1f02e8b43a8fbbc3f3e0d4f0f4bfc8131bcb4eebe8849b8e5c773f3a1c582a53", size = 13643 },
]

[[package]]
name = "asgiref"
version = "3.8.1"
source = { registry = "https://pypi.org/simple" }
sdist = { url = "https://files.pythonhosted.org/packages/29/38/b3395cc9ad1b56d2ddac9970bc8f4141312dbaec28bc7c218b0dfafd0f42/asgiref-3.8.1.tar.gz", hash = "sha256:c343bd80a0bec947a9860adb4c432ffa7db769836c64238fc34bdc3fec84d590", size = 35186 }
wheels = [
    { url = "https://files.pythonhosted.org/packages/39/e3/893e8757be2612e6c266d9bb58ad2e3651524b5b40cf56761e985a28b13e/asgiref-3.8.1-py3-none-any.whl", hash = "sha256:3e1e3ecc849832fe52ccf2cb6686b7a55f82bb1d6aee72a58826471390335e47", size = 23828 },
]

[[package]]
name = "click"
version = "8.2.1"
source = { registry = "https://pypi.org/simple" }
dependencies = [
    { name = "colorama", marker = "sys_platform == 'win32'" },
]
sdist = { url = "https://files.pythonhosted.org/packages/60/6c/8ca2efa64cf75a977a0d7fac081354553ebe483345c734fb6b6515d96bbc/click-8.2.1.tar.gz", hash = "sha256:27c491cc05d968d271d5a1db13e3b5a184636d9d930f148c50b038f0d0646202", size = 286342 }
wheels = [
    { url = "https://files.pythonhosted.org/packages/85/32/10bb5764d90a8eee674e9dc6f4db6a0ab47c8c4d0d83c27f7c39ac415a4d/click-8.2.1-py3-none-any.whl", hash = "sha256:61a3265b914e850b85317d0b3109c7f8cd35a670f963866005d6ef1d5175a12b", size = 102215 },
]

[[package]]
name = "colorama"
version = "0.4.6"
source = { registry = "https://pypi.org/simple" }
sdist = { url = "https://files.pythonhosted.org/packages/d8/53/6f443c9a4a8358a93a6792e2acffb9d9d5cb0a5cfd8802644b7b1c9a02e4/colorama-0.4.6.tar.gz", hash = "sha256:08695f5cb7ed6e0531a20572697297273c47b8cae5a63ffc6d6ed5c201be6e44", size = 27697 }
wheels = [
    { url = "https://files.pythonhosted.org/packages/d1/d6/3965ed04c63042e047cb6a3e6ed1a63a35087b6a609aa3a15ed8ac56c221/colorama-0.4.6-py2.py3-none-any.whl", hash = "sha256:4f1d9991f5acc0ca119f9d443620b77f9d6b33703e51011c16baf57afb285fc6", size = 25335 },
]

[[package]]
name = "coloredlogs"
version = "15.0.1"
source = { registry = "https://pypi.org/simple" }
dependencies = [
    { name = "humanfriendly" },
]
sdist = { url = "https://files.pythonhosted.org/packages/cc/c7/eed8f27100517e8c0e6b923d5f0845d0cb99763da6fdee00478f91db7325/coloredlogs-15.0.1.tar.gz", hash = "sha256:7c991aa71a4577af2f82600d8f8f3a89f936baeaf9b50a9c197da014e5bf16b0", size = 278520 }
wheels = [
    { url = "https://files.pythonhosted.org/packages/a7/06/3d6badcf13db419e25b07041d9c7b4a2c331d3f4e7134445ec5df57714cd/coloredlogs-15.0.1-py2.py3-none-any.whl", hash = "sha256:612ee75c546f53e92e70049c9dbfcc18c935a2b9a53b66085ce9ef6a6e5c0934", size = 46018 },
]

[[package]]
name = "django"
version = "5.2.1"
source = { registry = "https://pypi.org/simple" }
dependencies = [
    { name = "asgiref" },
    { name = "sqlparse" },
    { name = "tzdata", marker = "sys_platform == 'win32'" },
]
sdist = { url = "https://files.pythonhosted.org/packages/ac/10/0d546258772b8f31398e67c85e52c66ebc2b13a647193c3eef8ee433f1a8/django-5.2.1.tar.gz", hash = "sha256:57fe1f1b59462caed092c80b3dd324fd92161b620d59a9ba9181c34746c97284", size = 10818735 }
wheels = [
    { url = "https://files.pythonhosted.org/packages/90/92/7448697b5838b3a1c6e1d2d6a673e908d0398e84dc4f803a2ce11e7ffc0f/django-5.2.1-py3-none-any.whl", hash = "sha256:a9b680e84f9a0e71da83e399f1e922e1ab37b2173ced046b541c72e1589a5961", size = 8301833 },
]

[[package]]
name = "django-ninja"
version = "1.4.1"
source = { registry = "https://pypi.org/simple" }
dependencies = [
    { name = "django" },
    { name = "pydantic" },
]
sdist = { url = "https://files.pythonhosted.org/packages/08/16/94521cbbcb5486cc55ce7acf8e50c894e34e68bef08c6947b48b375213e4/django_ninja-1.4.1.tar.gz", hash = "sha256:828a901abdc9c02cc89c9ab646cbafbc972c0a90919b16b37b3197d8d6094abb", size = 3707954 }
wheels = [
    { url = "https://files.pythonhosted.org/packages/fd/9f/a6d819a151723f44a85b1bfebfa60cd09d0219313b175023f5593bb47753/django_ninja-1.4.1-py3-none-any.whl", hash = "sha256:a091aa69be6ba75a89c5043d35f99cf9bf4f5c26e1ac6783accf8eaa1f8cb12b", size = 2425909 },
]

[[package]]
name = "example"
version = "0.1.0"
source = { virtual = "." }
dependencies = [
    { name = "annotated-types" },
    { name = "asgiref" },
    { name = "click" },
    { name = "colorama" },
    { name = "coloredlogs" },
    { name = "django" },
    { name = "django-ninja" },
    { name = "flatbuffers" },
    { name = "granian" },
    { name = "humanfriendly" },
    { name = "magika" },
    { name = "mpmath" },
    { name = "numpy" },
    { name = "onnxruntime" },
    { name = "packaging" },
    { name = "protobuf" },
    { name = "pydantic" },
    { name = "pydantic-core" },
    { name = "pyreadline3" },
    { name = "python-dotenv" },
    { name = "sqlparse" },
    { name = "sympy" },
    { name = "tabulate" },
    { name = "tqdm" },
    { name = "typing-extensions" },
    { name = "typing-inspection" },
    { name = "tzdata" },
]

[package.metadata]
requires-dist = [
    { name = "annotated-types", marker = "python_full_version >= '3.8'", specifier = "==0.7.0" },
    { name = "asgiref", marker = "python_full_version >= '3.8'", specifier = "==3.8.1" },
    { name = "click", marker = "python_full_version >= '3.10'", specifier = "==8.2.1" },
    { name = "colorama", marker = "python_full_version >= '2.7'", specifier = "==0.4.6" },
    { name = "coloredlogs", marker = "python_full_version >= '2.7'", specifier = "==15.0.1" },
    { name = "django", marker = "python_full_version >= '3.10'", specifier = "==5.2.1" },
    { name = "django-ninja", marker = "python_full_version >= '3.7'", specifier = "==1.4.1" },
    { name = "flatbuffers", specifier = "==25.2.10" },
    { name = "granian", marker = "python_full_version >= '3.9'", specifier = "==2.3.1" },
    { name = "humanfriendly", marker = "python_full_version >= '2.7'", specifier = "==10.0" },
    { name = "magika", marker = "python_full_version >= '3.8'", specifier = "==0.6.2" },
    { name = "mpmath", specifier = "==1.3.0" },
    { name = "numpy", marker = "python_full_version >= '3.10'", specifier = "==2.2.6" },
    { name = "onnxruntime", marker = "python_full_version >= '3.10'", specifier = "==1.22.0" },
    { name = "packaging", marker = "python_full_version >= '3.8'", specifier = "==25.0" },
    { name = "protobuf", marker = "python_full_version >= '3.9'", specifier = "==6.31.0" },
    { name = "pydantic", marker = "python_full_version >= '3.9'", specifier = "==2.11.5" },
    { name = "pydantic-core", marker = "python_full_version >= '3.9'", specifier = "==2.33.2" },
    { name = "pyreadline3", marker = "python_full_version >= '3.8'", specifier = "==3.5.4" },
    { name = "python-dotenv", marker = "python_full_version >= '3.9'", specifier = "==1.1.0" },
    { name = "sqlparse", marker = "python_full_version >= '3.8'", specifier = "==0.5.3" },
    { name = "sympy", marker = "python_full_version >= '3.9'", specifier = "==1.14.0" },
    { name = "tabulate", marker = "python_full_version >= '3.7'", specifier = "==0.9.0" },
    { name = "tqdm", marker = "python_full_version >= '3.7'", specifier = "==4.67.1" },
    { name = "typing-extensions", marker = "python_full_version >= '3.8'", specifier = "==4.13.2" },
    { name = "typing-inspection", marker = "python_full_version >= '3.9'", specifier = "==0.4.1" },
    { name = "tzdata", marker = "python_full_version >= '2'", specifier = "==2025.2" },
]

[[package]]
name = "flatbuffers"
version = "25.2.10"
source = { registry = "https://pypi.org/simple" }
sdist = { url = "https://files.pythonhosted.org/packages/e4/30/eb5dce7994fc71a2f685d98ec33cc660c0a5887db5610137e60d8cbc4489/flatbuffers-25.2.10.tar.gz", hash = "sha256:97e451377a41262f8d9bd4295cc836133415cc03d8cb966410a4af92eb00d26e", size = 22170 }
wheels = [
    { url = "https://files.pythonhosted.org/packages/b8/25/155f9f080d5e4bc0082edfda032ea2bc2b8fab3f4d25d46c1e9dd22a1a89/flatbuffers-25.2.10-py2.py3-none-any.whl", hash = "sha256:ebba5f4d5ea615af3f7fd70fc310636fbb2bbd1f566ac0a23d98dd412de50051", size = 30953 },
]

[[package]]
name = "granian"
version = "2.3.1"
source = { registry = "https://pypi.org/simple" }
dependencies = [
    { name = "click" },
]
sdist = { url = "https://files.pythonhosted.org/packages/82/0f/04aacf7ec30ba04018c7be761e5a6964d73cf82da5969b35e912e8e4e662/granian-2.3.1.tar.gz", hash = "sha256:5e9bddf3580e8ffccfaa97196672a6351630c959c37eb2498772504759a9f1ba", size = 100302 }
wheels = [
    { url = "https://files.pythonhosted.org/packages/26/cd/30917d357be84957b3e8a1a82ac45e14fdfeb8e1afcd82ffe50a94f759f1/granian-2.3.1-cp312-cp312-macosx_10_12_x86_64.whl", hash = "sha256:9067454777e14b8d3d5ad2d3e5f11ee2cc1ae18c09455908d44e6b5a0d018207", size = 3047974 },
    { url = "https://files.pythonhosted.org/packages/27/a5/c3752565733da327441e602e6dddafa79219e752c25ee70416b48df30321/granian-2.3.1-cp312-cp312-macosx_11_0_arm64.whl", hash = "sha256:4851094be97758f9d72a7d304021edeaf902818a5635b13ea1784092090098d8", size = 2722452 },
    { url = "https://files.pythonhosted.org/packages/77/0a/38d6eb581c43cffb5b4a87a2bbd8b3f39e0874785d95db5d94c01f259809/granian-2.3.1-cp312-cp312-manylinux_2_17_armv7l.manylinux2014_armv7l.whl", hash = "sha256:7c6f805468151a756142d59fab8414c986bdbdeea26983178d5e3c00705aaba6", size = 3365275 },
    { url = "https://files.pythonhosted.org/packages/33/44/5fa5aab9a1cf27295bee81e22ecf758adef68c12244c0fd8d9d82da350e2/granian-2.3.1-cp312-cp312-manylinux_2_17_i686.manylinux2014_i686.whl", hash = "sha256:300954af2a155d8827c6c7af45d8bff8c080303c23fac502e21c34cfb3f92de1", size = 3001384 },
    { url = "https://files.pythonhosted.org/packages/21/25/df592394d957933dbe905510dc4ad35141ea3e49fd4e562bc529727a8f44/granian-2.3.1-cp312-cp312-manylinux_2_17_x86_64.manylinux2014_x86_64.whl", hash = "sha256:73659a68149d159cfadcf44fcf6cdb91b027aa4ebb7ad561a9febbfaaecc903b", size = 3215845 },
    { url = "https://files.pythonhosted.org/packages/ef/67/9213bf996d0e687939924468615762d106fd38f8c098f34266648f465d2b/granian-2.3.1-cp312-cp312-manylinux_2_28_aarch64.whl", hash = "sha256:3fa062db9d6fe7e57aa9c0043e30d50e1ee9fcf4226768b1b13a4fddef81d761", size = 3163131 },
    { url = "https://files.pythonhosted.org/packages/25/de/1829c71fd0cba459a9bfc998138ca3ff18f8b913c9ae3c3a3c8c675ceb0c/granian-2.3.1-cp312-cp312-musllinux_1_1_aarch64.whl", hash = "sha256:4d00d26d7d02436ca2d1a26b6390710bea6d98cd519927835b04991043777852", size = 3139498 },
    { url = "https://files.pythonhosted.org/packages/e7/8a/ce0adbeefcd7a78981d6a4f99709d82344a5c76d163d741547e9cc6f864e/granian-2.3.1-cp312-cp312-musllinux_1_1_armv7l.whl", hash = "sha256:bd35d898c7be876924e73b13004ccee20b6bc071bf851c3d7eb029f01be22306", size = 3460123 },
    { url = "https://files.pythonhosted.org/packages/58/f1/1918ff96843125ae12480eb7430692fa3243e42206b263918b087c34852c/granian-2.3.1-cp312-cp312-musllinux_1_1_x86_64.whl", hash = "sha256:5979218d189e8da8de50a690c7399e1f0b052419c0b10dd20210ec73dfe29f83", size = 3273879 },
    { url = "https://files.pythonhosted.org/packages/3b/14/bc6f049852d26045839dc6bddfd06ca6efa8966b939fa4c747ad7c9ab9bf/granian-2.3.1-cp312-cp312-win_amd64.whl", hash = "sha256:878dea8b920a52d7ab36ee8110f960a8a2dde1cb0d43331bf71e1815f1051628", size = 2766821 },
    { url = "https://files.pythonhosted.org/packages/e2/c1/71c4a64ca6e65e390ba82270c967318956ea67ed1467f68fc1bd236cc338/granian-2.3.1-cp313-cp313-macosx_10_12_x86_64.whl", hash = "sha256:5e97505ba05f73d76669f732221d01c1c69b0ce01384db872d0b0c240cc422e4", size = 3047647 },
    { url = "https://files.pythonhosted.org/packages/1b/f7/e1135ee1f9b6188438ca0b406f081b040ebf5c8bcd290b8a2086c4e1cdf3/granian-2.3.1-cp313-cp313-macosx_11_0_arm64.whl", hash = "sha256:8f0add56a7188830e82ac76bc8c11ab758edaec889f6f744023d4cd0ac45a908", size = 2721628 },
    { url = "https://files.pythonhosted.org/packages/ad/d8/73d953e94c7d62c60db7c0ae8448bed578fdbd85b6aa6d939f52541da266/granian-2.3.1-cp313-cp313-manylinux_2_17_armv7l.manylinux2014_armv7l.whl", hash = "sha256:006fd310d23e904802ea293abdc909c1871762f955deeb4c32232f7ddec37a3f", size = 3364877 },
    { url = "https://files.pythonhosted.org/packages/a3/5e/a81c96fb365cee2395092250d97f600b6bc4b477702f98e1befbef27f937/granian-2.3.1-cp313-cp313-manylinux_2_17_i686.manylinux2014_i686.whl", hash = "sha256:172ed6e87b588eb54dfaf3a39a486b06c82e0accbe3b86427333ea3a57c9b2c9", size = 3001067 },
    { url = "https://files.pythonhosted.org/packages/40/b0/9270bf7d1b612923d14d9783dde0d065afec62146753a2d64f17ef49e955/granian-2.3.1-cp313-cp313-manylinux_2_17_x86_64.manylinux2014_x86_64.whl", hash = "sha256:413617122d940bbcf793bd1a9ba6a0fabadd5ba75b03acf99c101f735030dc0e", size = 3215182 },
    { url = "https://files.pythonhosted.org/packages/e3/27/a1166372c0f40fde0ea3778e2ddacbf752d4e1ce3a2ecb49b5e100c7fbaf/granian-2.3.1-cp313-cp313-manylinux_2_28_aarch64.whl", hash = "sha256:a7a9b93e7dd2f63a1762343c6d396eef52163fb2cea044569102ae41fa3fd607", size = 3163178 },
    { url = "https://files.pythonhosted.org/packages/57/cc/53d257346b9274001141421fca0436df67662634dfdd9f6ac5a595737804/granian-2.3.1-cp313-cp313-musllinux_1_1_aarch64.whl", hash = "sha256:b6eea65f77527aeb5deb75186c90063e4368a94f7076aa9495067804f06d0345", size = 3138821 },
    { url = "https://files.pythonhosted.org/packages/9e/79/a1f50daf41dc1a50384a359dcd1f02a844c0a9b4f009a5d5c399c1893a9a/granian-2.3.1-cp313-cp313-musllinux_1_1_armv7l.whl", hash = "sha256:d1ae09ae5424ca5e57dbea660088878aca858f176b2ddf26dc5bf685b939b567", size = 3460024 },
    { url = "https://files.pythonhosted.org/packages/e7/3a/78038ab237eda59707d0f0e0fae750ff21db543e7175dfb7ac3b87a87b7f/granian-2.3.1-cp313-cp313-musllinux_1_1_x86_64.whl", hash = "sha256:8c10fdee7afee4d8b69a92f937552c94b979521e6f0169bb300c9612a85b9989", size = 3273042 },
    { url = "https://files.pythonhosted.org/packages/62/2c/ab47958d0d808fda5659535a30214ed24622d89190f37fa00d2200e88fb5/granian-2.3.1-cp313-cp313-win_amd64.whl", hash = "sha256:e58d2945ab1f99a5f2f804b9d552b337cccf77620dd17ddda94b0baaff0d78ef", size = 2766257 },
    { url = "https://files.pythonhosted.org/packages/b2/58/5ef889557401cd01d9f4380dc4a23ee679d835b51f84956d06b97b4bcb8d/granian-2.3.1-cp313-cp313t-macosx_10_12_x86_64.whl", hash = "sha256:f662331ff69802ffdc02160feadb1a347c652afe8192739d4adf34da6cd1bbff", size = 2999112 },
    { url = "https://files.pythonhosted.org/packages/13/70/4363eb6ac164063af7d322691be221477d127c6c6986a339688c32dbd1d1/granian-2.3.1-cp313-cp313t-macosx_11_0_arm64.whl", hash = "sha256:3941e11bcb018cab31ed9a597c67458d278db1469242775e28711d5a3c0be481", size = 2667844 },
    { url = "https://files.pythonhosted.org/packages/53/dc/bdcd9f18f7e070d17236c685cd56ec5834a088e8f885de671bd13c608176/granian-2.3.1-cp313-cp313t-manylinux_2_17_x86_64.manylinux2014_x86_64.whl", hash = "sha256:6d53338bb064586e929cece3611d1a49b398ac328f87604e56eda7754c2d0c55", size = 3076031 },
    { url = "https://files.pythonhosted.org/packages/74/18/9dbc3c4b7a14c3eeecac702a8d351e4c1220c89e99ffe7f0211e856f3c54/granian-2.3.1-cp313-cp313t-manylinux_2_28_aarch64.whl", hash = "sha256:16941818186789804da8b0837130117ca310f88d419856d8df2655ccae27f670", size = 3028926 },
    { url = "https://files.pythonhosted.org/packages/9b/b5/7b72ada8a04203c4e9165a3ba7bf266568bf0507ea40c170f96566e0b390/granian-2.3.1-cp313-cp313t-musllinux_1_1_aarch64.whl", hash = "sha256:8265480fc80cf0546af509f9f9d27519af26038fbd586081cdd3641d4dd3f44e", size = 3130077 },
    { url = "https://files.pythonhosted.org/packages/79/34/2395be45fea5e818a5ba0b8871c0fb5776e23f664fdd05a9b00849757314/granian-2.3.1-cp313-cp313t-musllinux_1_1_armv7l.whl", hash = "sha256:0bf2ace1107950110e7da5cca88ecca1f97bb5ef7398c6bc9c95bd0787f0edac", size = 3450662 },
    { url = "https://files.pythonhosted.org/packages/44/c3/9a037020e26ede18b8570f559254911722875ae129293337dc0170ec7c0e/granian-2.3.1-cp313-cp313t-musllinux_1_1_x86_64.whl", hash = "sha256:4a08c567a2472fdabd49c1564c560ffe1734e8acd1e0fc3027907296f36434fc", size = 3264479 },
    { url = "https://files.pythonhosted.org/packages/cd/32/660601986c5b5815d13399e9c3b6e84a119be010c974d32d505eb1ef4c7e/granian-2.3.1-cp313-cp313t-win_amd64.whl", hash = "sha256:d828917559a53ff9581ac4a475a508d7b6de7abebb256a27543af8363eb7c844", size = 2792073 },
]

[[package]]
name = "humanfriendly"
version = "10.0"
source = { registry = "https://pypi.org/simple" }
dependencies = [
    { name = "pyreadline3", marker = "sys_platform == 'win32'" },
]
sdist = { url = "https://files.pythonhosted.org/packages/cc/3f/2c29224acb2e2df4d2046e4c73ee2662023c58ff5b113c4c1adac0886c43/humanfriendly-10.0.tar.gz", hash = "sha256:6b0b831ce8f15f7300721aa49829fc4e83921a9a301cc7f606be6686a2288ddc", size = 360702 }
wheels = [
    { url = "https://files.pythonhosted.org/packages/f0/0f/310fb31e39e2d734ccaa2c0fb981ee41f7bd5056ce9bc29b2248bd569169/humanfriendly-10.0-py2.py3-none-any.whl", hash = "sha256:1697e1a8a8f550fd43c2865cd84542fc175a61dcb779b6fee18cf6b6ccba1477", size = 86794 },
]

[[package]]
name = "magika"
version = "0.6.2"
source = { registry = "https://pypi.org/simple" }
dependencies = [
    { name = "click" },
    { name = "numpy" },
    { name = "onnxruntime" },
    { name = "python-dotenv" },
]
sdist = { url = "https://files.pythonhosted.org/packages/fe/b6/8fdd991142ad3e037179a494b153f463024e5a211ef3ad948b955c26b4de/magika-0.6.2.tar.gz", hash = "sha256:37eb6ae8020f6e68f231bc06052c0a0cbe8e6fa27492db345e8dc867dbceb067", size = 3036634 }
wheels = [
    { url = "https://files.pythonhosted.org/packages/c2/07/4f7748f34279f2852068256992377474f9700b6fbad6735d6be58605178f/magika-0.6.2-py3-none-any.whl", hash = "sha256:5ef72fbc07723029b3684ef81454bc224ac5f60986aa0fc5a28f4456eebcb5b2", size = 2967609 },
    { url = "https://files.pythonhosted.org/packages/64/6d/0783af677e601d8a42258f0fbc47663abf435f927e58a8d2928296743099/magika-0.6.2-py3-none-macosx_11_0_arm64.whl", hash = "sha256:9109309328a1553886c8ff36c2ee9a5e9cfd36893ad81b65bf61a57debdd9d0e", size = 12404787 },
    { url = "https://files.pythonhosted.org/packages/8a/ad/42e39748ddc4bbe55c2dc1093ce29079c04d096ac0d844f8ae66178bc3ed/magika-0.6.2-py3-none-manylinux_2_28_x86_64.whl", hash = "sha256:57cd1d64897634d15de552bd6b3ae9c6ff6ead9c60d384dc46497c08288e4559", size = 15091089 },
    { url = "https://files.pythonhosted.org/packages/b0/1f/28e412d0ccedc068fbccdae6a6233faaa97ec3e5e2ffd242e49655b10064/magika-0.6.2-py3-none-win_amd64.whl", hash = "sha256:711f427a633e0182737dcc2074748004842f870643585813503ff2553b973b9f", size = 12385740 },
]

[[package]]
name = "mpmath"
version = "1.3.0"
source = { registry = "https://pypi.org/simple" }
sdist = { url = "https://files.pythonhosted.org/packages/e0/47/dd32fa426cc72114383ac549964eecb20ecfd886d1e5ccf5340b55b02f57/mpmath-1.3.0.tar.gz", hash = "sha256:7a28eb2a9774d00c7bc92411c19a89209d5da7c4c9a9e227be8330a23a25b91f", size = 508106 }
wheels = [
    { url = "https://files.pythonhosted.org/packages/43/e3/7d92a15f894aa0c9c4b49b8ee9ac9850d6e63b03c9c32c0367a13ae62209/mpmath-1.3.0-py3-none-any.whl", hash = "sha256:a0b2b9fe80bbcd81a6647ff13108738cfb482d481d826cc0e02f5b35e5c88d2c", size = 536198 },
]

[[package]]
name = "numpy"
version = "2.2.6"
source = { registry = "https://pypi.org/simple" }
sdist = { url = "https://files.pythonhosted.org/packages/76/21/7d2a95e4bba9dc13d043ee156a356c0a8f0c6309dff6b21b4d71a073b8a8/numpy-2.2.6.tar.gz", hash = "sha256:e29554e2bef54a90aa5cc07da6ce955accb83f21ab5de01a62c8478897b264fd", size = 20276440 }
wheels = [
    { url = "https://files.pythonhosted.org/packages/82/5d/c00588b6cf18e1da539b45d3598d3557084990dcc4331960c15ee776ee41/numpy-2.2.6-cp312-cp312-macosx_10_13_x86_64.whl", hash = "sha256:41c5a21f4a04fa86436124d388f6ed60a9343a6f767fced1a8a71c3fbca038ff", size = 20875348 },
    { url = "https://files.pythonhosted.org/packages/66/ee/560deadcdde6c2f90200450d5938f63a34b37e27ebff162810f716f6a230/numpy-2.2.6-cp312-cp312-macosx_11_0_arm64.whl", hash = "sha256:de749064336d37e340f640b05f24e9e3dd678c57318c7289d222a8a2f543e90c", size = 14119362 },
    { url = "https://files.pythonhosted.org/packages/3c/65/4baa99f1c53b30adf0acd9a5519078871ddde8d2339dc5a7fde80d9d87da/numpy-2.2.6-cp312-cp312-macosx_14_0_arm64.whl", hash = "sha256:894b3a42502226a1cac872f840030665f33326fc3dac8e57c607905773cdcde3", size = 5084103 },
    { url = "https://files.pythonhosted.org/packages/cc/89/e5a34c071a0570cc40c9a54eb472d113eea6d002e9ae12bb3a8407fb912e/numpy-2.2.6-cp312-cp312-macosx_14_0_x86_64.whl", hash = "sha256:71594f7c51a18e728451bb50cc60a3ce4e6538822731b2933209a1f3614e9282", size = 6625382 },
    { url = "https://files.pythonhosted.org/packages/f8/35/8c80729f1ff76b3921d5c9487c7ac3de9b2a103b1cd05e905b3090513510/numpy-2.2.6-cp312-cp312-manylinux_2_17_aarch64.manylinux2014_aarch64.whl", hash = "sha256:f2618db89be1b4e05f7a1a847a9c1c0abd63e63a1607d892dd54668dd92faf87", size = 14018462 },
    { url = "https://files.pythonhosted.org/packages/8c/3d/1e1db36cfd41f895d266b103df00ca5b3cbe965184df824dec5c08c6b803/numpy-2.2.6-cp312-cp312-manylinux_2_17_x86_64.manylinux2014_x86_64.whl", hash = "sha256:fd83c01228a688733f1ded5201c678f0c53ecc1006ffbc404db9f7a899ac6249", size = 16527618 },
    { url = "https://files.pythonhosted.org/packages/61/c6/03ed30992602c85aa3cd95b9070a514f8b3c33e31124694438d88809ae36/numpy-2.2.6-cp312-cp312-musllinux_1_2_aarch64.whl", hash = "sha256:37c0ca431f82cd5fa716eca9506aefcabc247fb27ba69c5062a6d3ade8cf8f49", size = 15505511 },
    { url = "https://files.pythonhosted.org/packages/b7/25/5761d832a81df431e260719ec45de696414266613c9ee268394dd5ad8236/numpy-2.2.6-cp312-cp312-musllinux_1_2_x86_64.whl", hash = "sha256:fe27749d33bb772c80dcd84ae7e8df2adc920ae8297400dabec45f0dedb3f6de", size = 18313783 },
    { url = "https://files.pythonhosted.org/packages/57/0a/72d5a3527c5ebffcd47bde9162c39fae1f90138c961e5296491ce778e682/numpy-2.2.6-cp312-cp312-win32.whl", hash = "sha256:4eeaae00d789f66c7a25ac5f34b71a7035bb474e679f410e5e1a94deb24cf2d4", size = 6246506 },
    { url = "https://files.pythonhosted.org/packages/36/fa/8c9210162ca1b88529ab76b41ba02d433fd54fecaf6feb70ef9f124683f1/numpy-2.2.6-cp312-cp312-win_amd64.whl", hash = "sha256:c1f9540be57940698ed329904db803cf7a402f3fc200bfe599334c9bd84a40b2", size = 12614190 },
    { url = "https://files.pythonhosted.org/packages/f9/5c/6657823f4f594f72b5471f1db1ab12e26e890bb2e41897522d134d2a3e81/numpy-2.2.6-cp313-cp313-macosx_10_13_x86_64.whl", hash = "sha256:0811bb762109d9708cca4d0b13c4f67146e3c3b7cf8d34018c722adb2d957c84", size = 20867828 },
    { url = "https://files.pythonhosted.org/packages/dc/9e/14520dc3dadf3c803473bd07e9b2bd1b69bc583cb2497b47000fed2fa92f/numpy-2.2.6-cp313-cp313-macosx_11_0_arm64.whl", hash = "sha256:287cc3162b6f01463ccd86be154f284d0893d2b3ed7292439ea97eafa8170e0b", size = 14143006 },
    { url = "https://files.pythonhosted.org/packages/4f/06/7e96c57d90bebdce9918412087fc22ca9851cceaf5567a45c1f404480e9e/numpy-2.2.6-cp313-cp313-macosx_14_0_arm64.whl", hash = "sha256:f1372f041402e37e5e633e586f62aa53de2eac8d98cbfb822806ce4bbefcb74d", size = 5076765 },
    { url = "https://files.pythonhosted.org/packages/73/ed/63d920c23b4289fdac96ddbdd6132e9427790977d5457cd132f18e76eae0/numpy-2.2.6-cp313-cp313-macosx_14_0_x86_64.whl", hash = "sha256:55a4d33fa519660d69614a9fad433be87e5252f4b03850642f88993f7b2ca566", size = 6617736 },
    { url = "https://files.pythonhosted.org/packages/85/c5/e19c8f99d83fd377ec8c7e0cf627a8049746da54afc24ef0a0cb73d5dfb5/numpy-2.2.6-cp313-cp313-manylinux_2_17_aarch64.manylinux2014_aarch64.whl", hash = "sha256:f92729c95468a2f4f15e9bb94c432a9229d0d50de67304399627a943201baa2f", size = 14010719 },
    { url = "https://files.pythonhosted.org/packages/19/49/4df9123aafa7b539317bf6d342cb6d227e49f7a35b99c287a6109b13dd93/numpy-2.2.6-cp313-cp313-manylinux_2_17_x86_64.manylinux2014_x86_64.whl", hash = "sha256:1bc23a79bfabc5d056d106f9befb8d50c31ced2fbc70eedb8155aec74a45798f", size = 16526072 },
    { url = "https://files.pythonhosted.org/packages/b2/6c/04b5f47f4f32f7c2b0e7260442a8cbcf8168b0e1a41ff1495da42f42a14f/numpy-2.2.6-cp313-cp313-musllinux_1_2_aarch64.whl", hash = "sha256:e3143e4451880bed956e706a3220b4e5cf6172ef05fcc397f6f36a550b1dd868", size = 15503213 },
    { url = "https://files.pythonhosted.org/packages/17/0a/5cd92e352c1307640d5b6fec1b2ffb06cd0dabe7d7b8227f97933d378422/numpy-2.2.6-cp313-cp313-musllinux_1_2_x86_64.whl", hash = "sha256:b4f13750ce79751586ae2eb824ba7e1e8dba64784086c98cdbbcc6a42112ce0d", size = 18316632 },
    { url = "https://files.pythonhosted.org/packages/f0/3b/5cba2b1d88760ef86596ad0f3d484b1cbff7c115ae2429678465057c5155/numpy-2.2.6-cp313-cp313-win32.whl", hash = "sha256:5beb72339d9d4fa36522fc63802f469b13cdbe4fdab4a288f0c441b74272ebfd", size = 6244532 },
    { url = "https://files.pythonhosted.org/packages/cb/3b/d58c12eafcb298d4e6d0d40216866ab15f59e55d148a5658bb3132311fcf/numpy-2.2.6-cp313-cp313-win_amd64.whl", hash = "sha256:b0544343a702fa80c95ad5d3d608ea3599dd54d4632df855e4c8d24eb6ecfa1c", size = 12610885 },
    { url = "https://files.pythonhosted.org/packages/6b/9e/4bf918b818e516322db999ac25d00c75788ddfd2d2ade4fa66f1f38097e1/numpy-2.2.6-cp313-cp313t-macosx_10_13_x86_64.whl", hash = "sha256:0bca768cd85ae743b2affdc762d617eddf3bcf8724435498a1e80132d04879e6", size = 20963467 },
    { url = "https://files.pythonhosted.org/packages/61/66/d2de6b291507517ff2e438e13ff7b1e2cdbdb7cb40b3ed475377aece69f9/numpy-2.2.6-cp313-cp313t-macosx_11_0_arm64.whl", hash = "sha256:fc0c5673685c508a142ca65209b4e79ed6740a4ed6b2267dbba90f34b0b3cfda", size = 14225144 },
    { url = "https://files.pythonhosted.org/packages/e4/25/480387655407ead912e28ba3a820bc69af9adf13bcbe40b299d454ec011f/numpy-2.2.6-cp313-cp313t-macosx_14_0_arm64.whl", hash = "sha256:5bd4fc3ac8926b3819797a7c0e2631eb889b4118a9898c84f585a54d475b7e40", size = 5200217 },
    { url = "https://files.pythonhosted.org/packages/aa/4a/6e313b5108f53dcbf3aca0c0f3e9c92f4c10ce57a0a721851f9785872895/numpy-2.2.6-cp313-cp313t-macosx_14_0_x86_64.whl", hash = "sha256:fee4236c876c4e8369388054d02d0e9bb84821feb1a64dd59e137e6511a551f8", size = 6712014 },
    { url = "https://files.pythonhosted.org/packages/b7/30/172c2d5c4be71fdf476e9de553443cf8e25feddbe185e0bd88b096915bcc/numpy-2.2.6-cp313-cp313t-manylinux_2_17_aarch64.manylinux2014_aarch64.whl", hash = "sha256:e1dda9c7e08dc141e0247a5b8f49cf05984955246a327d4c48bda16821947b2f", size = 14077935 },
    { url = "https://files.pythonhosted.org/packages/12/fb/9e743f8d4e4d3c710902cf87af3512082ae3d43b945d5d16563f26ec251d/numpy-2.2.6-cp313-cp313t-manylinux_2_17_x86_64.manylinux2014_x86_64.whl", hash = "sha256:f447e6acb680fd307f40d3da4852208af94afdfab89cf850986c3ca00562f4fa", size = 16600122 },
    { url = "https://files.pythonhosted.org/packages/12/75/ee20da0e58d3a66f204f38916757e01e33a9737d0b22373b3eb5a27358f9/numpy-2.2.6-cp313-cp313t-musllinux_1_2_aarch64.whl", hash = "sha256:389d771b1623ec92636b0786bc4ae56abafad4a4c513d36a55dce14bd9ce8571", size = 15586143 },
    { url = "https://files.pythonhosted.org/packages/76/95/bef5b37f29fc5e739947e9ce5179ad402875633308504a52d188302319c8/numpy-2.2.6-cp313-cp313t-musllinux_1_2_x86_64.whl", hash = "sha256:8e9ace4a37db23421249ed236fdcdd457d671e25146786dfc96835cd951aa7c1", size = 18385260 },
    { url = "https://files.pythonhosted.org/packages/09/04/f2f83279d287407cf36a7a8053a5abe7be3622a4363337338f2585e4afda/numpy-2.2.6-cp313-cp313t-win32.whl", hash = "sha256:038613e9fb8c72b0a41f025a7e4c3f0b7a1b5d768ece4796b674c8f3fe13efff", size = 6377225 },
    { url = "https://files.pythonhosted.org/packages/67/0e/35082d13c09c02c011cf21570543d202ad929d961c02a147493cb0c2bdf5/numpy-2.2.6-cp313-cp313t-win_amd64.whl", hash = "sha256:6031dd6dfecc0cf9f668681a37648373bddd6421fff6c66ec1624eed0180ee06", size = 12771374 },
]

[[package]]
name = "onnxruntime"
version = "1.22.0"
source = { registry = "https://pypi.org/simple" }
dependencies = [
    { name = "coloredlogs" },
    { name = "flatbuffers" },
    { name = "numpy" },
    { name = "packaging" },
    { name = "protobuf" },
    { name = "sympy" },
]
wheels = [
    { url = "https://files.pythonhosted.org/packages/4d/de/9162872c6e502e9ac8c99a98a8738b2fab408123d11de55022ac4f92562a/onnxruntime-1.22.0-cp312-cp312-macosx_13_0_universal2.whl", hash = "sha256:f3c0380f53c1e72a41b3f4d6af2ccc01df2c17844072233442c3a7e74851ab97", size = 34298046 },
    { url = "https://files.pythonhosted.org/packages/03/79/36f910cd9fc96b444b0e728bba14607016079786adf032dae61f7c63b4aa/onnxruntime-1.22.0-cp312-cp312-manylinux_2_27_aarch64.manylinux_2_28_aarch64.whl", hash = "sha256:c8601128eaef79b636152aea76ae6981b7c9fc81a618f584c15d78d42b310f1c", size = 14443220 },
    { url = "https://files.pythonhosted.org/packages/8c/60/16d219b8868cc8e8e51a68519873bdb9f5f24af080b62e917a13fff9989b/onnxruntime-1.22.0-cp312-cp312-manylinux_2_27_x86_64.manylinux_2_28_x86_64.whl", hash = "sha256:6964a975731afc19dc3418fad8d4e08c48920144ff590149429a5ebe0d15fb3c", size = 16406377 },
    { url = "https://files.pythonhosted.org/packages/36/b4/3f1c71ce1d3d21078a6a74c5483bfa2b07e41a8d2b8fb1e9993e6a26d8d3/onnxruntime-1.22.0-cp312-cp312-win_amd64.whl", hash = "sha256:c0d534a43d1264d1273c2d4f00a5a588fa98d21117a3345b7104fa0bbcaadb9a", size = 12692233 },
    { url = "https://files.pythonhosted.org/packages/a9/65/5cb5018d5b0b7cba820d2c4a1d1b02d40df538d49138ba36a509457e4df6/onnxruntime-1.22.0-cp313-cp313-macosx_13_0_universal2.whl", hash = "sha256:fe7c051236aae16d8e2e9ffbfc1e115a0cc2450e873a9c4cb75c0cc96c1dae07", size = 34298715 },
    { url = "https://files.pythonhosted.org/packages/e1/89/1dfe1b368831d1256b90b95cb8d11da8ab769febd5c8833ec85ec1f79d21/onnxruntime-1.22.0-cp313-cp313-manylinux_2_27_aarch64.manylinux_2_28_aarch64.whl", hash = "sha256:6a6bbed10bc5e770c04d422893d3045b81acbbadc9fb759a2cd1ca00993da919", size = 14443266 },
    { url = "https://files.pythonhosted.org/packages/1e/70/342514ade3a33ad9dd505dcee96ff1f0e7be6d0e6e9c911fe0f1505abf42/onnxruntime-1.22.0-cp313-cp313-manylinux_2_27_x86_64.manylinux_2_28_x86_64.whl", hash = "sha256:9fe45ee3e756300fccfd8d61b91129a121d3d80e9d38e01f03ff1295badc32b8", size = 16406707 },
    { url = "https://files.pythonhosted.org/packages/3e/89/2f64e250945fa87140fb917ba377d6d0e9122e029c8512f389a9b7f953f4/onnxruntime-1.22.0-cp313-cp313-win_amd64.whl", hash = "sha256:5a31d84ef82b4b05d794a4ce8ba37b0d9deb768fd580e36e17b39e0b4840253b", size = 12691777 },
    { url = "https://files.pythonhosted.org/packages/9f/48/d61d5f1ed098161edd88c56cbac49207d7b7b149e613d2cd7e33176c63b3/onnxruntime-1.22.0-cp313-cp313t-manylinux_2_27_aarch64.manylinux_2_28_aarch64.whl", hash = "sha256:0a2ac5bd9205d831541db4e508e586e764a74f14efdd3f89af7fd20e1bf4a1ed", size = 14454003 },
    { url = "https://files.pythonhosted.org/packages/c3/16/873b955beda7bada5b0d798d3a601b2ff210e44ad5169f6d405b93892103/onnxruntime-1.22.0-cp313-cp313t-manylinux_2_27_x86_64.manylinux_2_28_x86_64.whl", hash = "sha256:64845709f9e8a2809e8e009bc4c8f73b788cee9c6619b7d9930344eae4c9cd36", size = 16427482 },
]

[[package]]
name = "packaging"
version = "25.0"
source = { registry = "https://pypi.org/simple" }
sdist = { url = "https://files.pythonhosted.org/packages/a1/d4/1fc4078c65507b51b96ca8f8c3ba19e6a61c8253c72794544580a7b6c24d/packaging-25.0.tar.gz", hash = "sha256:d443872c98d677bf60f6a1f2f8c1cb748e8fe762d2bf9d3148b5599295b0fc4f", size = 165727 }
wheels = [
    { url = "https://files.pythonhosted.org/packages/20/12/38679034af332785aac8774540895e234f4d07f7545804097de4b666afd8/packaging-25.0-py3-none-any.whl", hash = "sha256:29572ef2b1f17581046b3a2227d5c611fb25ec70ca1ba8554b24b0e69331a484", size = 66469 },
]

[[package]]
name = "protobuf"
version = "6.31.0"
source = { registry = "https://pypi.org/simple" }
sdist = { url = "https://files.pythonhosted.org/packages/13/48/718c1e104a2e89970a8ff3b06d87e152834b576c570a6908f8c17ba88d65/protobuf-6.31.0.tar.gz", hash = "sha256:314fab1a6a316469dc2dd46f993cbbe95c861ea6807da910becfe7475bc26ffe", size = 441644 }
wheels = [
    { url = "https://files.pythonhosted.org/packages/b6/77/8671682038b08237c927215fa3296bc1c54e4086fe542c87017c1b626663/protobuf-6.31.0-cp310-abi3-win32.whl", hash = "sha256:10bd62802dfa0588649740a59354090eaf54b8322f772fbdcca19bc78d27f0d6", size = 423437 },
    { url = "https://files.pythonhosted.org/packages/e4/07/cc9b0cbf7593f6ef8cf87fa9b0e55cd74c5cb526dd89ad84aa7d6547ef8d/protobuf-6.31.0-cp310-abi3-win_amd64.whl", hash = "sha256:3e987c99fd634be8347246a02123250f394ba20573c953de133dc8b2c107dd71", size = 435118 },
    { url = "https://files.pythonhosted.org/packages/21/46/33f884aa8bc59114dc97e0d954ca4618c556483670236008c88fbb7e834f/protobuf-6.31.0-cp39-abi3-macosx_10_9_universal2.whl", hash = "sha256:2c812f0f96ceb6b514448cefeb1df54ec06dde456783f5099c0e2f8a0f2caa89", size = 425439 },
    { url = "https://files.pythonhosted.org/packages/9b/f2/9a676b50229ce37b12777d7b21de90ae7bc0f9505d07e72e2e8d47b8d165/protobuf-6.31.0-cp39-abi3-manylinux2014_aarch64.whl", hash = "sha256:67ce50195e4e584275623b8e6bc6d3d3dfd93924bf6116b86b3b8975ab9e4571", size = 321950 },
    { url = "https://files.pythonhosted.org/packages/a1/a7/243fa2d3c1b7675d54744b32dacf30356f4c27c0d3ad940ca8745a1c6b2c/protobuf-6.31.0-cp39-abi3-manylinux2014_x86_64.whl", hash = "sha256:5353e38844168a327acd2b2aa440044411cd8d1b6774d5701008bd1dba067c79", size = 320904 },
    { url = "https://files.pythonhosted.org/packages/ee/01/1ed1d482960a5718fd99c82f6d79120181947cfd4667ec3944d448ed44a3/protobuf-6.31.0-py3-none-any.whl", hash = "sha256:6ac2e82556e822c17a8d23aa1190bbc1d06efb9c261981da95c71c9da09e9e23", size = 168558 },
]

[[package]]
name = "pydantic"
version = "2.11.5"
source = { registry = "https://pypi.org/simple" }
dependencies = [
    { name = "annotated-types" },
    { name = "pydantic-core" },
    { name = "typing-extensions" },
    { name = "typing-inspection" },
]
sdist = { url = "https://files.pythonhosted.org/packages/f0/86/8ce9040065e8f924d642c58e4a344e33163a07f6b57f836d0d734e0ad3fb/pydantic-2.11.5.tar.gz", hash = "sha256:7f853db3d0ce78ce8bbb148c401c2cdd6431b3473c0cdff2755c7690952a7b7a", size = 787102 }
wheels = [
    { url = "https://files.pythonhosted.org/packages/b5/69/831ed22b38ff9b4b64b66569f0e5b7b97cf3638346eb95a2147fdb49ad5f/pydantic-2.11.5-py3-none-any.whl", hash = "sha256:f9c26ba06f9747749ca1e5c94d6a85cb84254577553c8785576fd38fa64dc0f7", size = 444229 },
]

[[package]]
name = "pydantic-core"
version = "2.33.2"
source = { registry = "https://pypi.org/simple" }
dependencies = [
    { name = "typing-extensions" },
]
sdist = { url = "https://files.pythonhosted.org/packages/ad/88/5f2260bdfae97aabf98f1778d43f69574390ad787afb646292a638c923d4/pydantic_core-2.33.2.tar.gz", hash = "sha256:7cb8bc3605c29176e1b105350d2e6474142d7c1bd1d9327c4a9bdb46bf827acc", size = 435195 }
wheels = [
    { url = "https://files.pythonhosted.org/packages/18/8a/2b41c97f554ec8c71f2a8a5f85cb56a8b0956addfe8b0efb5b3d77e8bdc3/pydantic_core-2.33.2-cp312-cp312-macosx_10_12_x86_64.whl", hash = "sha256:a7ec89dc587667f22b6a0b6579c249fca9026ce7c333fc142ba42411fa243cdc", size = 2009000 },
    { url = "https://files.pythonhosted.org/packages/a1/02/6224312aacb3c8ecbaa959897af57181fb6cf3a3d7917fd44d0f2917e6f2/pydantic_core-2.33.2-cp312-cp312-macosx_11_0_arm64.whl", hash = "sha256:3c6db6e52c6d70aa0d00d45cdb9b40f0433b96380071ea80b09277dba021ddf7", size = 1847996 },
    { url = "https://files.pythonhosted.org/packages/d6/46/6dcdf084a523dbe0a0be59d054734b86a981726f221f4562aed313dbcb49/pydantic_core-2.33.2-cp312-cp312-manylinux_2_17_aarch64.manylinux2014_aarch64.whl", hash = "sha256:4e61206137cbc65e6d5256e1166f88331d3b6238e082d9f74613b9b765fb9025", size = 1880957 },
    { url = "https://files.pythonhosted.org/packages/ec/6b/1ec2c03837ac00886ba8160ce041ce4e325b41d06a034adbef11339ae422/pydantic_core-2.33.2-cp312-cp312-manylinux_2_17_armv7l.manylinux2014_armv7l.whl", hash = "sha256:eb8c529b2819c37140eb51b914153063d27ed88e3bdc31b71198a198e921e011", size = 1964199 },
    { url = "https://files.pythonhosted.org/packages/2d/1d/6bf34d6adb9debd9136bd197ca72642203ce9aaaa85cfcbfcf20f9696e83/pydantic_core-2.33.2-cp312-cp312-manylinux_2_17_ppc64le.manylinux2014_ppc64le.whl", hash = "sha256:c52b02ad8b4e2cf14ca7b3d918f3eb0ee91e63b3167c32591e57c4317e134f8f", size = 2120296 },
    { url = "https://files.pythonhosted.org/packages/e0/94/2bd0aaf5a591e974b32a9f7123f16637776c304471a0ab33cf263cf5591a/pydantic_core-2.33.2-cp312-cp312-manylinux_2_17_s390x.manylinux2014_s390x.whl", hash = "sha256:96081f1605125ba0855dfda83f6f3df5ec90c61195421ba72223de35ccfb2f88", size = 2676109 },
    { url = "https://files.pythonhosted.org/packages/f9/41/4b043778cf9c4285d59742281a769eac371b9e47e35f98ad321349cc5d61/pydantic_core-2.33.2-cp312-cp312-manylinux_2_17_x86_64.manylinux2014_x86_64.whl", hash = "sha256:8f57a69461af2a5fa6e6bbd7a5f60d3b7e6cebb687f55106933188e79ad155c1", size = 2002028 },
    { url = "https://files.pythonhosted.org/packages/cb/d5/7bb781bf2748ce3d03af04d5c969fa1308880e1dca35a9bd94e1a96a922e/pydantic_core-2.33.2-cp312-cp312-manylinux_2_5_i686.manylinux1_i686.whl", hash = "sha256:572c7e6c8bb4774d2ac88929e3d1f12bc45714ae5ee6d9a788a9fb35e60bb04b", size = 2100044 },
    { url = "https://files.pythonhosted.org/packages/fe/36/def5e53e1eb0ad896785702a5bbfd25eed546cdcf4087ad285021a90ed53/pydantic_core-2.33.2-cp312-cp312-musllinux_1_1_aarch64.whl", hash = "sha256:db4b41f9bd95fbe5acd76d89920336ba96f03e149097365afe1cb092fceb89a1", size = 2058881 },
    { url = "https://files.pythonhosted.org/packages/01/6c/57f8d70b2ee57fc3dc8b9610315949837fa8c11d86927b9bb044f8705419/pydantic_core-2.33.2-cp312-cp312-musllinux_1_1_armv7l.whl", hash = "sha256:fa854f5cf7e33842a892e5c73f45327760bc7bc516339fda888c75ae60edaeb6", size = 2227034 },
    { url = "https://files.pythonhosted.org/packages/27/b9/9c17f0396a82b3d5cbea4c24d742083422639e7bb1d5bf600e12cb176a13/pydantic_core-2.33.2-cp312-cp312-musllinux_1_1_x86_64.whl", hash = "sha256:5f483cfb75ff703095c59e365360cb73e00185e01aaea067cd19acffd2ab20ea", size = 2234187 },
    { url = "https://files.pythonhosted.org/packages/b0/6a/adf5734ffd52bf86d865093ad70b2ce543415e0e356f6cacabbc0d9ad910/pydantic_core-2.33.2-cp312-cp312-win32.whl", hash = "sha256:9cb1da0f5a471435a7bc7e439b8a728e8b61e59784b2af70d7c169f8dd8ae290", size = 1892628 },
    { url = "https://files.pythonhosted.org/packages/43/e4/5479fecb3606c1368d496a825d8411e126133c41224c1e7238be58b87d7e/pydantic_core-2.33.2-cp312-cp312-win_amd64.whl", hash = "sha256:f941635f2a3d96b2973e867144fde513665c87f13fe0e193c158ac51bfaaa7b2", size = 1955866 },
    { url = "https://files.pythonhosted.org/packages/0d/24/8b11e8b3e2be9dd82df4b11408a67c61bb4dc4f8e11b5b0fc888b38118b5/pydantic_core-2.33.2-cp312-cp312-win_arm64.whl", hash = "sha256:cca3868ddfaccfbc4bfb1d608e2ccaaebe0ae628e1416aeb9c4d88c001bb45ab", size = 1888894 },
    { url = "https://files.pythonhosted.org/packages/46/8c/99040727b41f56616573a28771b1bfa08a3d3fe74d3d513f01251f79f172/pydantic_core-2.33.2-cp313-cp313-macosx_10_12_x86_64.whl", hash = "sha256:1082dd3e2d7109ad8b7da48e1d4710c8d06c253cbc4a27c1cff4fbcaa97a9e3f", size = 2015688 },
    { url = "https://files.pythonhosted.org/packages/3a/cc/5999d1eb705a6cefc31f0b4a90e9f7fc400539b1a1030529700cc1b51838/pydantic_core-2.33.2-cp313-cp313-macosx_11_0_arm64.whl", hash = "sha256:f517ca031dfc037a9c07e748cefd8d96235088b83b4f4ba8939105d20fa1dcd6", size = 1844808 },
    { url = "https://files.pythonhosted.org/packages/6f/5e/a0a7b8885c98889a18b6e376f344da1ef323d270b44edf8174d6bce4d622/pydantic_core-2.33.2-cp313-cp313-manylinux_2_17_aarch64.manylinux2014_aarch64.whl", hash = "sha256:0a9f2c9dd19656823cb8250b0724ee9c60a82f3cdf68a080979d13092a3b0fef", size = 1885580 },
    { url = "https://files.pythonhosted.org/packages/3b/2a/953581f343c7d11a304581156618c3f592435523dd9d79865903272c256a/pydantic_core-2.33.2-cp313-cp313-manylinux_2_17_armv7l.manylinux2014_armv7l.whl", hash = "sha256:2b0a451c263b01acebe51895bfb0e1cc842a5c666efe06cdf13846c7418caa9a", size = 1973859 },
    { url = "https://files.pythonhosted.org/packages/e6/55/f1a813904771c03a3f97f676c62cca0c0a4138654107c1b61f19c644868b/pydantic_core-2.33.2-cp313-cp313-manylinux_2_17_ppc64le.manylinux2014_ppc64le.whl", hash = "sha256:1ea40a64d23faa25e62a70ad163571c0b342b8bf66d5fa612ac0dec4f069d916", size = 2120810 },
    { url = "https://files.pythonhosted.org/packages/aa/c3/053389835a996e18853ba107a63caae0b9deb4a276c6b472931ea9ae6e48/pydantic_core-2.33.2-cp313-cp313-manylinux_2_17_s390x.manylinux2014_s390x.whl", hash = "sha256:0fb2d542b4d66f9470e8065c5469ec676978d625a8b7a363f07d9a501a9cb36a", size = 2676498 },
    { url = "https://files.pythonhosted.org/packages/eb/3c/f4abd740877a35abade05e437245b192f9d0ffb48bbbbd708df33d3cda37/pydantic_core-2.33.2-cp313-cp313-manylinux_2_17_x86_64.manylinux2014_x86_64.whl", hash = "sha256:9fdac5d6ffa1b5a83bca06ffe7583f5576555e6c8b3a91fbd25ea7780f825f7d", size = 2000611 },
    { url = "https://files.pythonhosted.org/packages/59/a7/63ef2fed1837d1121a894d0ce88439fe3e3b3e48c7543b2a4479eb99c2bd/pydantic_core-2.33.2-cp313-cp313-manylinux_2_5_i686.manylinux1_i686.whl", hash = "sha256:04a1a413977ab517154eebb2d326da71638271477d6ad87a769102f7c2488c56", size = 2107924 },
    { url = "https://files.pythonhosted.org/packages/04/8f/2551964ef045669801675f1cfc3b0d74147f4901c3ffa42be2ddb1f0efc4/pydantic_core-2.33.2-cp313-cp313-musllinux_1_1_aarch64.whl", hash = "sha256:c8e7af2f4e0194c22b5b37205bfb293d166a7344a5b0d0eaccebc376546d77d5", size = 2063196 },
    { url = "https://files.pythonhosted.org/packages/26/bd/d9602777e77fc6dbb0c7db9ad356e9a985825547dce5ad1d30ee04903918/pydantic_core-2.33.2-cp313-cp313-musllinux_1_1_armv7l.whl", hash = "sha256:5c92edd15cd58b3c2d34873597a1e20f13094f59cf88068adb18947df5455b4e", size = 2236389 },
    { url = "https://files.pythonhosted.org/packages/42/db/0e950daa7e2230423ab342ae918a794964b053bec24ba8af013fc7c94846/pydantic_core-2.33.2-cp313-cp313-musllinux_1_1_x86_64.whl", hash = "sha256:65132b7b4a1c0beded5e057324b7e16e10910c106d43675d9bd87d4f38dde162", size = 2239223 },
    { url = "https://files.pythonhosted.org/packages/58/4d/4f937099c545a8a17eb52cb67fe0447fd9a373b348ccfa9a87f141eeb00f/pydantic_core-2.33.2-cp313-cp313-win32.whl", hash = "sha256:52fb90784e0a242bb96ec53f42196a17278855b0f31ac7c3cc6f5c1ec4811849", size = 1900473 },
    { url = "https://files.pythonhosted.org/packages/a0/75/4a0a9bac998d78d889def5e4ef2b065acba8cae8c93696906c3a91f310ca/pydantic_core-2.33.2-cp313-cp313-win_amd64.whl", hash = "sha256:c083a3bdd5a93dfe480f1125926afcdbf2917ae714bdb80b36d34318b2bec5d9", size = 1955269 },
    { url = "https://files.pythonhosted.org/packages/f9/86/1beda0576969592f1497b4ce8e7bc8cbdf614c352426271b1b10d5f0aa64/pydantic_core-2.33.2-cp313-cp313-win_arm64.whl", hash = "sha256:e80b087132752f6b3d714f041ccf74403799d3b23a72722ea2e6ba2e892555b9", size = 1893921 },
    { url = "https://files.pythonhosted.org/packages/a4/7d/e09391c2eebeab681df2b74bfe6c43422fffede8dc74187b2b0bf6fd7571/pydantic_core-2.33.2-cp313-cp313t-macosx_11_0_arm64.whl", hash = "sha256:61c18fba8e5e9db3ab908620af374db0ac1baa69f0f32df4f61ae23f15e586ac", size = 1806162 },
    { url = "https://files.pythonhosted.org/packages/f1/3d/847b6b1fed9f8ed3bb95a9ad04fbd0b212e832d4f0f50ff4d9ee5a9f15cf/pydantic_core-2.33.2-cp313-cp313t-manylinux_2_17_x86_64.manylinux2014_x86_64.whl", hash = "sha256:95237e53bb015f67b63c91af7518a62a8660376a6a0db19b89acc77a4d6199f5", size = 1981560 },
    { url = "https://files.pythonhosted.org/packages/6f/9a/e73262f6c6656262b5fdd723ad90f518f579b7bc8622e43a942eec53c938/pydantic_core-2.33.2-cp313-cp313t-win_amd64.whl", hash = "sha256:c2fc0a768ef76c15ab9238afa6da7f69895bb5d1ee83aeea2e3509af4472d0b9", size = 1935777 },
]

[[package]]
name = "pyreadline3"
version = "3.5.4"
source = { registry = "https://pypi.org/simple" }
sdist = { url = "https://files.pythonhosted.org/packages/0f/49/4cea918a08f02817aabae639e3d0ac046fef9f9180518a3ad394e22da148/pyreadline3-3.5.4.tar.gz", hash = "sha256:8d57d53039a1c75adba8e50dd3d992b28143480816187ea5efbd5c78e6c885b7", size = 99839 }
wheels = [
    { url = "https://files.pythonhosted.org/packages/5a/dc/491b7661614ab97483abf2056be1deee4dc2490ecbf7bff9ab5cdbac86e1/pyreadline3-3.5.4-py3-none-any.whl", hash = "sha256:eaf8e6cc3c49bcccf145fc6067ba8643d1df34d604a1ec0eccbf7a18e6d3fae6", size = 83178 },
]

[[package]]
name = "python-dotenv"
version = "1.1.0"
source = { registry = "https://pypi.org/simple" }
sdist = { url = "https://files.pythonhosted.org/packages/88/2c/7bb1416c5620485aa793f2de31d3df393d3686aa8a8506d11e10e13c5baf/python_dotenv-1.1.0.tar.gz", hash = "sha256:41f90bc6f5f177fb41f53e87666db362025010eb28f60a01c9143bfa33a2b2d5", size = 39920 }
wheels = [
    { url = "https://files.pythonhosted.org/packages/1e/18/98a99ad95133c6a6e2005fe89faedf294a748bd5dc803008059409ac9b1e/python_dotenv-1.1.0-py3-none-any.whl", hash = "sha256:d7c01d9e2293916c18baf562d95698754b0dbbb5e74d457c45d4f6561fb9d55d", size = 20256 },
]

[[package]]
name = "sqlparse"
version = "0.5.3"
source = { registry = "https://pypi.org/simple" }
sdist = { url = "https://files.pythonhosted.org/packages/e5/40/edede8dd6977b0d3da179a342c198ed100dd2aba4be081861ee5911e4da4/sqlparse-0.5.3.tar.gz", hash = "sha256:09f67787f56a0b16ecdbde1bfc7f5d9c3371ca683cfeaa8e6ff60b4807ec9272", size = 84999 }
wheels = [
    { url = "https://files.pythonhosted.org/packages/a9/5c/bfd6bd0bf979426d405cc6e71eceb8701b148b16c21d2dc3c261efc61c7b/sqlparse-0.5.3-py3-none-any.whl", hash = "sha256:cf2196ed3418f3ba5de6af7e82c694a9fbdbfecccdfc72e281548517081f16ca", size = 44415 },
]

[[package]]
name = "sympy"
version = "1.14.0"
source = { registry = "https://pypi.org/simple" }
dependencies = [
    { name = "mpmath" },
]
sdist = { url = "https://files.pythonhosted.org/packages/83/d3/803453b36afefb7c2bb238361cd4ae6125a569b4db67cd9e79846ba2d68c/sympy-1.14.0.tar.gz", hash = "sha256:d3d3fe8df1e5a0b42f0e7bdf50541697dbe7d23746e894990c030e2b05e72517", size = 7793921 }
wheels = [
    { url = "https://files.pythonhosted.org/packages/a2/09/77d55d46fd61b4a135c444fc97158ef34a095e5681d0a6c10b75bf356191/sympy-1.14.0-py3-none-any.whl", hash = "sha256:e091cc3e99d2141a0ba2847328f5479b05d94a6635cb96148ccb3f34671bd8f5", size = 6299353 },
]

[[package]]
name = "tabulate"
version = "0.9.0"
source = { registry = "https://pypi.org/simple" }
sdist = { url = "https://files.pythonhosted.org/packages/ec/fe/802052aecb21e3797b8f7902564ab6ea0d60ff8ca23952079064155d1ae1/tabulate-0.9.0.tar.gz", hash = "sha256:0095b12bf5966de529c0feb1fa08671671b3368eec77d7ef7ab114be2c068b3c", size = 81090 }
wheels = [
    { url = "https://files.pythonhosted.org/packages/40/44/4a5f08c96eb108af5cb50b41f76142f0afa346dfa99d5296fe7202a11854/tabulate-0.9.0-py3-none-any.whl", hash = "sha256:024ca478df22e9340661486f85298cff5f6dcdba14f3813e8830015b9ed1948f", size = 35252 },
]

[[package]]
name = "tqdm"
version = "4.67.1"
source = { registry = "https://pypi.org/simple" }
dependencies = [
    { name = "colorama", marker = "sys_platform == 'win32'" },
]
sdist = { url = "https://files.pythonhosted.org/packages/a8/4b/29b4ef32e036bb34e4ab51796dd745cdba7ed47ad142a9f4a1eb8e0c744d/tqdm-4.67.1.tar.gz", hash = "sha256:f8aef9c52c08c13a65f30ea34f4e5aac3fd1a34959879d7e59e63027286627f2", size = 169737 }
wheels = [
    { url = "https://files.pythonhosted.org/packages/d0/30/dc54f88dd4a2b5dc8a0279bdd7270e735851848b762aeb1c1184ed1f6b14/tqdm-4.67.1-py3-none-any.whl", hash = "sha256:26445eca388f82e72884e0d580d5464cd801a3ea01e63e5601bdff9ba6a48de2", size = 78540 },
]

[[package]]
name = "typing-extensions"
version = "4.13.2"
source = { registry = "https://pypi.org/simple" }
sdist = { url = "https://files.pythonhosted.org/packages/f6/37/23083fcd6e35492953e8d2aaaa68b860eb422b34627b13f2ce3eb6106061/typing_extensions-4.13.2.tar.gz", hash = "sha256:e6c81219bd689f51865d9e372991c540bda33a0379d5573cddb9a3a23f7caaef", size = 106967 }
wheels = [
    { url = "https://files.pythonhosted.org/packages/8b/54/b1ae86c0973cc6f0210b53d508ca3641fb6d0c56823f288d108bc7ab3cc8/typing_extensions-4.13.2-py3-none-any.whl", hash = "sha256:a439e7c04b49fec3e5d3e2beaa21755cadbbdc391694e28ccdd36ca4a1408f8c", size = 45806 },
]

[[package]]
name = "typing-inspection"
version = "0.4.1"
source = { registry = "https://pypi.org/simple" }
dependencies = [
    { name = "typing-extensions" },
]
sdist = { url = "https://files.pythonhosted.org/packages/f8/b1/0c11f5058406b3af7609f121aaa6b609744687f1d158b3c3a5bf4cc94238/typing_inspection-0.4.1.tar.gz", hash = "sha256:6ae134cc0203c33377d43188d4064e9b357dba58cff3185f22924610e70a9d28", size = 75726 }
wheels = [
    { url = "https://files.pythonhosted.org/packages/17/69/cd203477f944c353c31bade965f880aa1061fd6bf05ded0726ca845b6ff7/typing_inspection-0.4.1-py3-none-any.whl", hash = "sha256:389055682238f53b04f7badcb49b989835495a96700ced5dab2d8feae4b26f51", size = 14552 },
]

[[package]]
name = "tzdata"
version = "2025.2"
source = { registry = "https://pypi.org/simple" }
sdist = { url = "https://files.pythonhosted.org/packages/95/32/1a225d6164441be760d75c2c42e2780dc0873fe382da3e98a2e1e48361e5/tzdata-2025.2.tar.gz", hash = "sha256:b60a638fcc0daffadf82fe0f57e53d06bdec2f36c4df66280ae79bce6bd6f2b9", size = 196380 }
wheels = [
    { url = "https://files.pythonhosted.org/packages/5c/23/c7abc0ca0a1526a0774eca151daeb8de62ec457e77262b66b359c3c7679e/tzdata-2025.2-py2.py3-none-any.whl", hash = "sha256:1a403fada01ff9221ca8044d701868fa132215d84beb92242d9acd2147f667a8", size = 347839 },
]
